// !$*UTF8*$!
{
	archiveVersion = 1;
	classes = {
	};
	objectVersion = 50;
	objects = {

/* Begin PBXBuildFile section */
		7615576C24801E7700E1EEEE /* AppDelegate.swift in Sources */ = {isa = PBXBuildFile; fileRef = 7615576B24801E7700E1EEEE /* AppDelegate.swift */; };
		7615577024801E7700E1EEEE /* ViewController.swift in Sources */ = {isa = PBXBuildFile; fileRef = 7615576F24801E7700E1EEEE /* ViewController.swift */; };
		7615577324801E7700E1EEEE /* Main.storyboard in Resources */ = {isa = PBXBuildFile; fileRef = 7615577124801E7700E1EEEE /* Main.storyboard */; };
		7615577524801E7B00E1EEEE /* Assets.xcassets in Resources */ = {isa = PBXBuildFile; fileRef = 7615577424801E7B00E1EEEE /* Assets.xcassets */; };
		7615577824801E7B00E1EEEE /* LaunchScreen.storyboard in Resources */ = {isa = PBXBuildFile; fileRef = 7615577624801E7B00E1EEEE /* LaunchScreen.storyboard */; };
		7615579324801FB600E1EEEE /* YogaKit.framework in Frameworks */ = {isa = PBXBuildFile; fileRef = 7615579224801FB600E1EEEE /* YogaKit.framework */; };
		7615579424801FB600E1EEEE /* YogaKit.framework in Embed Frameworks */ = {isa = PBXBuildFile; fileRef = 7615579224801FB600E1EEEE /* YogaKit.framework */; settings = {ATTRIBUTES = (CodeSignOnCopy, RemoveHeadersOnCopy, ); }; };
		761557A9248024DF00E1EEEE /* BeaglePreview.framework in Frameworks */ = {isa = PBXBuildFile; fileRef = 761557A8248024DF00E1EEEE /* BeaglePreview.framework */; };
		761557AA248024DF00E1EEEE /* BeaglePreview.framework in Embed Frameworks */ = {isa = PBXBuildFile; fileRef = 761557A8248024DF00E1EEEE /* BeaglePreview.framework */; settings = {ATTRIBUTES = (CodeSignOnCopy, RemoveHeadersOnCopy, ); }; };
		C833058D249BF63E0091FE5E /* Beagle.framework in Frameworks */ = {isa = PBXBuildFile; fileRef = C833058C249BF63E0091FE5E /* Beagle.framework */; };
		C833058E249BF63E0091FE5E /* Beagle.framework in Embed Frameworks */ = {isa = PBXBuildFile; fileRef = C833058C249BF63E0091FE5E /* Beagle.framework */; settings = {ATTRIBUTES = (CodeSignOnCopy, RemoveHeadersOnCopy, ); }; };
/* End PBXBuildFile section */

/* Begin PBXCopyFilesBuildPhase section */
		7615579124801FAE00E1EEEE /* Embed Frameworks */ = {
			isa = PBXCopyFilesBuildPhase;
			buildActionMask = 2147483647;
			dstPath = "";
			dstSubfolderSpec = 10;
			files = (
				C833058E249BF63E0091FE5E /* Beagle.framework in Embed Frameworks */,
				7615579424801FB600E1EEEE /* YogaKit.framework in Embed Frameworks */,
				761557AA248024DF00E1EEEE /* BeaglePreview.framework in Embed Frameworks */,
			);
			name = "Embed Frameworks";
			runOnlyForDeploymentPostprocessing = 0;
		};
/* End PBXCopyFilesBuildPhase section */

/* Begin PBXFileReference section */
		7615576824801E7700E1EEEE /* BeaglePreviewDemo.app */ = {isa = PBXFileReference; explicitFileType = wrapper.application; includeInIndex = 0; path = BeaglePreviewDemo.app; sourceTree = BUILT_PRODUCTS_DIR; };
		7615576B24801E7700E1EEEE /* AppDelegate.swift */ = {isa = PBXFileReference; lastKnownFileType = sourcecode.swift; path = AppDelegate.swift; sourceTree = "<group>"; };
		7615576F24801E7700E1EEEE /* ViewController.swift */ = {isa = PBXFileReference; lastKnownFileType = sourcecode.swift; path = ViewController.swift; sourceTree = "<group>"; };
		7615577224801E7700E1EEEE /* Base */ = {isa = PBXFileReference; lastKnownFileType = file.storyboard; name = Base; path = Base.lproj/Main.storyboard; sourceTree = "<group>"; };
		7615577424801E7B00E1EEEE /* Assets.xcassets */ = {isa = PBXFileReference; lastKnownFileType = folder.assetcatalog; path = Assets.xcassets; sourceTree = "<group>"; };
		7615577724801E7B00E1EEEE /* Base */ = {isa = PBXFileReference; lastKnownFileType = file.storyboard; name = Base; path = Base.lproj/LaunchScreen.storyboard; sourceTree = "<group>"; };
		7615577924801E7B00E1EEEE /* Info.plist */ = {isa = PBXFileReference; lastKnownFileType = text.plist.xml; path = Info.plist; sourceTree = "<group>"; };
		7615579224801FB600E1EEEE /* YogaKit.framework */ = {isa = PBXFileReference; explicitFileType = wrapper.framework; path = YogaKit.framework; sourceTree = BUILT_PRODUCTS_DIR; };
		761557A8248024DF00E1EEEE /* BeaglePreview.framework */ = {isa = PBXFileReference; explicitFileType = wrapper.framework; path = BeaglePreview.framework; sourceTree = BUILT_PRODUCTS_DIR; };
		C833058C249BF63E0091FE5E /* Beagle.framework */ = {isa = PBXFileReference; explicitFileType = wrapper.framework; path = Beagle.framework; sourceTree = BUILT_PRODUCTS_DIR; };
/* End PBXFileReference section */

/* Begin PBXFrameworksBuildPhase section */
		7615576524801E7700E1EEEE /* Frameworks */ = {
			isa = PBXFrameworksBuildPhase;
			buildActionMask = 2147483647;
			files = (
				C833058D249BF63E0091FE5E /* Beagle.framework in Frameworks */,
				7615579324801FB600E1EEEE /* YogaKit.framework in Frameworks */,
				761557A9248024DF00E1EEEE /* BeaglePreview.framework in Frameworks */,
			);
			runOnlyForDeploymentPostprocessing = 0;
		};
/* End PBXFrameworksBuildPhase section */

/* Begin PBXGroup section */
		7615575F24801E7700E1EEEE = {
			isa = PBXGroup;
			children = (
				7615576A24801E7700E1EEEE /* BeaglePreviewDemo */,
				7615576924801E7700E1EEEE /* Products */,
				7615578D24801FAE00E1EEEE /* Frameworks */,
			);
			sourceTree = "<group>";
		};
		7615576924801E7700E1EEEE /* Products */ = {
			isa = PBXGroup;
			children = (
				7615576824801E7700E1EEEE /* BeaglePreviewDemo.app */,
			);
			name = Products;
			sourceTree = "<group>";
		};
		7615576A24801E7700E1EEEE /* BeaglePreviewDemo */ = {
			isa = PBXGroup;
			children = (
				7615576B24801E7700E1EEEE /* AppDelegate.swift */,
				7615576F24801E7700E1EEEE /* ViewController.swift */,
				7615577124801E7700E1EEEE /* Main.storyboard */,
				7615577424801E7B00E1EEEE /* Assets.xcassets */,
				7615577624801E7B00E1EEEE /* LaunchScreen.storyboard */,
				7615577924801E7B00E1EEEE /* Info.plist */,
			);
			path = BeaglePreviewDemo;
			sourceTree = "<group>";
		};
		7615578D24801FAE00E1EEEE /* Frameworks */ = {
			isa = PBXGroup;
			children = (
				C833058C249BF63E0091FE5E /* Beagle.framework */,
				761557A8248024DF00E1EEEE /* BeaglePreview.framework */,
				7615579224801FB600E1EEEE /* YogaKit.framework */,
			);
			name = Frameworks;
			sourceTree = "<group>";
		};
/* End PBXGroup section */

/* Begin PBXNativeTarget section */
		7615576724801E7700E1EEEE /* BeaglePreviewDemo */ = {
			isa = PBXNativeTarget;
			buildConfigurationList = 7615578724801E7B00E1EEEE /* Build configuration list for PBXNativeTarget "BeaglePreviewDemo" */;
			buildPhases = (
				7615576424801E7700E1EEEE /* Sources */,
				7615576524801E7700E1EEEE /* Frameworks */,
				7615576624801E7700E1EEEE /* Resources */,
				7615579124801FAE00E1EEEE /* Embed Frameworks */,
			);
			buildRules = (
			);
			dependencies = (
			);
			name = BeaglePreviewDemo;
			productName = BeaglePreviewDemo;
			productReference = 7615576824801E7700E1EEEE /* BeaglePreviewDemo.app */;
			productType = "com.apple.product-type.application";
		};
/* End PBXNativeTarget section */

/* Begin PBXProject section */
		7615576024801E7700E1EEEE /* Project object */ = {
			isa = PBXProject;
			attributes = {
				LastSwiftUpdateCheck = 1140;
				LastUpgradeCheck = 1140;
				ORGANIZATIONNAME = "Zup IT";
				TargetAttributes = {
					7615576724801E7700E1EEEE = {
						CreatedOnToolsVersion = 11.4.1;
					};
				};
			};
			buildConfigurationList = 7615576324801E7700E1EEEE /* Build configuration list for PBXProject "BeaglePreviewDemo" */;
			compatibilityVersion = "Xcode 9.3";
			developmentRegion = en;
			hasScannedForEncodings = 0;
			knownRegions = (
				en,
				Base,
			);
			mainGroup = 7615575F24801E7700E1EEEE;
			productRefGroup = 7615576924801E7700E1EEEE /* Products */;
			projectDirPath = "";
			projectRoot = "";
			targets = (
				7615576724801E7700E1EEEE /* BeaglePreviewDemo */,
			);
		};
/* End PBXProject section */

/* Begin PBXResourcesBuildPhase section */
		7615576624801E7700E1EEEE /* Resources */ = {
			isa = PBXResourcesBuildPhase;
			buildActionMask = 2147483647;
			files = (
				7615577824801E7B00E1EEEE /* LaunchScreen.storyboard in Resources */,
				7615577524801E7B00E1EEEE /* Assets.xcassets in Resources */,
				7615577324801E7700E1EEEE /* Main.storyboard in Resources */,
			);
			runOnlyForDeploymentPostprocessing = 0;
		};
/* End PBXResourcesBuildPhase section */

/* Begin PBXSourcesBuildPhase section */
		7615576424801E7700E1EEEE /* Sources */ = {
			isa = PBXSourcesBuildPhase;
			buildActionMask = 2147483647;
			files = (
				7615577024801E7700E1EEEE /* ViewController.swift in Sources */,
				7615576C24801E7700E1EEEE /* AppDelegate.swift in Sources */,
			);
			runOnlyForDeploymentPostprocessing = 0;
		};
/* End PBXSourcesBuildPhase section */

/* Begin PBXVariantGroup section */
		7615577124801E7700E1EEEE /* Main.storyboard */ = {
			isa = PBXVariantGroup;
			children = (
				7615577224801E7700E1EEEE /* Base */,
			);
			name = Main.storyboard;
			sourceTree = "<group>";
		};
		7615577624801E7B00E1EEEE /* LaunchScreen.storyboard */ = {
			isa = PBXVariantGroup;
			children = (
				7615577724801E7B00E1EEEE /* Base */,
			);
			name = LaunchScreen.storyboard;
			sourceTree = "<group>";
		};
/* End PBXVariantGroup section */

/* Begin XCBuildConfiguration section */
		7615578524801E7B00E1EEEE /* Debug */ = {
			isa = XCBuildConfiguration;
			buildSettings = {
				ALWAYS_SEARCH_USER_PATHS = NO;
				CLANG_ANALYZER_NONNULL = YES;
				CLANG_ANALYZER_NUMBER_OBJECT_CONVERSION = YES_AGGRESSIVE;
				CLANG_CXX_LANGUAGE_STANDARD = "gnu++14";
				CLANG_CXX_LIBRARY = "libc++";
				CLANG_ENABLE_MODULES = YES;
				CLANG_ENABLE_OBJC_ARC = YES;
				CLANG_ENABLE_OBJC_WEAK = YES;
				CLANG_WARN_BLOCK_CAPTURE_AUTORELEASING = YES;
				CLANG_WARN_BOOL_CONVERSION = YES;
				CLANG_WARN_COMMA = YES;
				CLANG_WARN_CONSTANT_CONVERSION = YES;
				CLANG_WARN_DEPRECATED_OBJC_IMPLEMENTATIONS = YES;
				CLANG_WARN_DIRECT_OBJC_ISA_USAGE = YES_ERROR;
				CLANG_WARN_DOCUMENTATION_COMMENTS = YES;
				CLANG_WARN_EMPTY_BODY = YES;
				CLANG_WARN_ENUM_CONVERSION = YES;
				CLANG_WARN_INFINITE_RECURSION = YES;
				CLANG_WARN_INT_CONVERSION = YES;
				CLANG_WARN_NON_LITERAL_NULL_CONVERSION = YES;
				CLANG_WARN_OBJC_IMPLICIT_RETAIN_SELF = YES;
				CLANG_WARN_OBJC_LITERAL_CONVERSION = YES;
				CLANG_WARN_OBJC_ROOT_CLASS = YES_ERROR;
				CLANG_WARN_RANGE_LOOP_ANALYSIS = YES;
				CLANG_WARN_STRICT_PROTOTYPES = YES;
				CLANG_WARN_SUSPICIOUS_MOVE = YES;
				CLANG_WARN_UNGUARDED_AVAILABILITY = YES_AGGRESSIVE;
				CLANG_WARN_UNREACHABLE_CODE = YES;
				CLANG_WARN__DUPLICATE_METHOD_MATCH = YES;
				COPY_PHASE_STRIP = NO;
				DEBUG_INFORMATION_FORMAT = dwarf;
				ENABLE_STRICT_OBJC_MSGSEND = YES;
				ENABLE_TESTABILITY = YES;
				GCC_C_LANGUAGE_STANDARD = gnu11;
				GCC_DYNAMIC_NO_PIC = NO;
				GCC_NO_COMMON_BLOCKS = YES;
				GCC_OPTIMIZATION_LEVEL = 0;
				GCC_PREPROCESSOR_DEFINITIONS = (
					"DEBUG=1",
					"$(inherited)",
				);
				GCC_WARN_64_TO_32_BIT_CONVERSION = YES;
				GCC_WARN_ABOUT_RETURN_TYPE = YES_ERROR;
				GCC_WARN_UNDECLARED_SELECTOR = YES;
				GCC_WARN_UNINITIALIZED_AUTOS = YES_AGGRESSIVE;
				GCC_WARN_UNUSED_FUNCTION = YES;
				GCC_WARN_UNUSED_VARIABLE = YES;
				IPHONEOS_DEPLOYMENT_TARGET = 13.4;
				MTL_ENABLE_DEBUG_INFO = INCLUDE_SOURCE;
				MTL_FAST_MATH = YES;
				ONLY_ACTIVE_ARCH = YES;
				SDKROOT = iphoneos;
				SWIFT_ACTIVE_COMPILATION_CONDITIONS = DEBUG;
				SWIFT_OPTIMIZATION_LEVEL = "-Onone";
				SWIFT_VERSION = 5.0;
			};
			name = Debug;
		};
		7615578624801E7B00E1EEEE /* Release */ = {
			isa = XCBuildConfiguration;
			buildSettings = {
				ALWAYS_SEARCH_USER_PATHS = NO;
				CLANG_ANALYZER_NONNULL = YES;
				CLANG_ANALYZER_NUMBER_OBJECT_CONVERSION = YES_AGGRESSIVE;
				CLANG_CXX_LANGUAGE_STANDARD = "gnu++14";
				CLANG_CXX_LIBRARY = "libc++";
				CLANG_ENABLE_MODULES = YES;
				CLANG_ENABLE_OBJC_ARC = YES;
				CLANG_ENABLE_OBJC_WEAK = YES;
				CLANG_WARN_BLOCK_CAPTURE_AUTORELEASING = YES;
				CLANG_WARN_BOOL_CONVERSION = YES;
				CLANG_WARN_COMMA = YES;
				CLANG_WARN_CONSTANT_CONVERSION = YES;
				CLANG_WARN_DEPRECATED_OBJC_IMPLEMENTATIONS = YES;
				CLANG_WARN_DIRECT_OBJC_ISA_USAGE = YES_ERROR;
				CLANG_WARN_DOCUMENTATION_COMMENTS = YES;
				CLANG_WARN_EMPTY_BODY = YES;
				CLANG_WARN_ENUM_CONVERSION = YES;
				CLANG_WARN_INFINITE_RECURSION = YES;
				CLANG_WARN_INT_CONVERSION = YES;
				CLANG_WARN_NON_LITERAL_NULL_CONVERSION = YES;
				CLANG_WARN_OBJC_IMPLICIT_RETAIN_SELF = YES;
				CLANG_WARN_OBJC_LITERAL_CONVERSION = YES;
				CLANG_WARN_OBJC_ROOT_CLASS = YES_ERROR;
				CLANG_WARN_RANGE_LOOP_ANALYSIS = YES;
				CLANG_WARN_STRICT_PROTOTYPES = YES;
				CLANG_WARN_SUSPICIOUS_MOVE = YES;
				CLANG_WARN_UNGUARDED_AVAILABILITY = YES_AGGRESSIVE;
				CLANG_WARN_UNREACHABLE_CODE = YES;
				CLANG_WARN__DUPLICATE_METHOD_MATCH = YES;
				COPY_PHASE_STRIP = NO;
				DEBUG_INFORMATION_FORMAT = "dwarf-with-dsym";
				ENABLE_NS_ASSERTIONS = NO;
				ENABLE_STRICT_OBJC_MSGSEND = YES;
				GCC_C_LANGUAGE_STANDARD = gnu11;
				GCC_NO_COMMON_BLOCKS = YES;
				GCC_WARN_64_TO_32_BIT_CONVERSION = YES;
				GCC_WARN_ABOUT_RETURN_TYPE = YES_ERROR;
				GCC_WARN_UNDECLARED_SELECTOR = YES;
				GCC_WARN_UNINITIALIZED_AUTOS = YES_AGGRESSIVE;
				GCC_WARN_UNUSED_FUNCTION = YES;
				GCC_WARN_UNUSED_VARIABLE = YES;
				IPHONEOS_DEPLOYMENT_TARGET = 13.4;
				MTL_ENABLE_DEBUG_INFO = NO;
				MTL_FAST_MATH = YES;
				SDKROOT = iphoneos;
				SWIFT_COMPILATION_MODE = wholemodule;
				SWIFT_OPTIMIZATION_LEVEL = "-O";
				SWIFT_VERSION = 5.0;
				VALIDATE_PRODUCT = YES;
			};
			name = Release;
		};
		7615578824801E7B00E1EEEE /* Debug */ = {
			isa = XCBuildConfiguration;
			buildSettings = {
				ASSETCATALOG_COMPILER_APPICON_NAME = AppIcon;
				CODE_SIGN_STYLE = Automatic;
				FRAMEWORK_SEARCH_PATHS = "$(inherited)";
				INFOPLIST_FILE = BeaglePreviewDemo/Info.plist;
				IPHONEOS_DEPLOYMENT_TARGET = 10.0;
				LD_RUNPATH_SEARCH_PATHS = (
					"$(inherited)",
					"@executable_path/Frameworks",
				);
				PRODUCT_BUNDLE_IDENTIFIER = br.com.zup.BeaglePreviewDemo;
				PRODUCT_NAME = "$(TARGET_NAME)";
				SWIFT_VERSION = 5.0;
				TARGETED_DEVICE_FAMILY = "1,2";
			};
			name = Debug;
		};
		7615578924801E7B00E1EEEE /* Release */ = {
			isa = XCBuildConfiguration;
			buildSettings = {
				ASSETCATALOG_COMPILER_APPICON_NAME = AppIcon;
				CODE_SIGN_STYLE = Automatic;
				FRAMEWORK_SEARCH_PATHS = "$(inherited)";
				INFOPLIST_FILE = BeaglePreviewDemo/Info.plist;
				IPHONEOS_DEPLOYMENT_TARGET = 10.0;
				LD_RUNPATH_SEARCH_PATHS = (
					"$(inherited)",
					"@executable_path/Frameworks",
				);
				PRODUCT_BUNDLE_IDENTIFIER = br.com.zup.BeaglePreviewDemo;
				PRODUCT_NAME = "$(TARGET_NAME)";
				SWIFT_VERSION = 5.0;
				TARGETED_DEVICE_FAMILY = "1,2";
			};
			name = Release;
		};
/* End XCBuildConfiguration section */

/* Begin XCConfigurationList section */
		7615576324801E7700E1EEEE /* Build configuration list for PBXProject "BeaglePreviewDemo" */ = {
			isa = XCConfigurationList;
			buildConfigurations = (
				7615578524801E7B00E1EEEE /* Debug */,
				7615578624801E7B00E1EEEE /* Release */,
			);
			defaultConfigurationIsVisible = 0;
			defaultConfigurationName = Release;
		};
		7615578724801E7B00E1EEEE /* Build configuration list for PBXNativeTarget "BeaglePreviewDemo" */ = {
			isa = XCConfigurationList;
			buildConfigurations = (
				7615578824801E7B00E1EEEE /* Debug */,
				7615578924801E7B00E1EEEE /* Release */,
			);
			defaultConfigurationIsVisible = 0;
			defaultConfigurationName = Release;
		};
/* End XCConfigurationList section */
	};
	rootObject = 7615576024801E7700E1EEEE /* Project object */;
}
