// !$*UTF8*$!
{
	archiveVersion = 1;
	classes = {
	};
	objectVersion = 52;
	objects = {

/* Begin PBXBuildFile section */
		252D727524D84AEF0069541F /* Binding.swift in Sources */ = {isa = PBXBuildFile; fileRef = 252D727424D84AEF0069541F /* Binding.swift */; };
		252D727924D8AE850069541F /* Literal.swift in Sources */ = {isa = PBXBuildFile; fileRef = 252D727824D8AE850069541F /* Literal.swift */; };
		257FC9F924DCA75300F2157C /* Value.swift in Sources */ = {isa = PBXBuildFile; fileRef = 257FC9F824DCA75300F2157C /* Value.swift */; };
		257FC9FB24DDB74300F2157C /* Operation.swift in Sources */ = {isa = PBXBuildFile; fileRef = 257FC9FA24DDB74300F2157C /* Operation.swift */; };
		25C762A82511007100AB4D33 /* Condition.swift in Sources */ = {isa = PBXBuildFile; fileRef = 25C762A72511007100AB4D33 /* Condition.swift */; };
		25CDD46B24E7315E00CC49CB /* __Snapshots__ in Resources */ = {isa = PBXBuildFile; fileRef = 25CDD46A24E7315E00CC49CB /* __Snapshots__ */; };
		570434EE24A675AE00DAD0D3 /* buttonComponent.json in Resources */ = {isa = PBXBuildFile; fileRef = 570434EC24A6753000DAD0D3 /* buttonComponent.json */; };
		6E71540324B39EFB0025B850 /* SimpleFormTests.swift in Sources */ = {isa = PBXBuildFile; fileRef = 6E71540124B3953C0025B850 /* SimpleFormTests.swift */; };
		6E71540924B3A7860025B850 /* simpleFormComponent.json in Resources */ = {isa = PBXBuildFile; fileRef = 6E71540824B3A7860025B850 /* simpleFormComponent.json */; };
		6EB3368224A52AB5000A9D17 /* SubmitForm.swift in Sources */ = {isa = PBXBuildFile; fileRef = 6EB3368124A52AB5000A9D17 /* SubmitForm.swift */; };
		6EB3368724A52BB4000A9D17 /* SimpleForm.swift in Sources */ = {isa = PBXBuildFile; fileRef = 6EB3368624A52BB4000A9D17 /* SimpleForm.swift */; };
		7685B041249A852A007EDED0 /* SendRequest.swift in Sources */ = {isa = PBXBuildFile; fileRef = 7685B040249A852A007EDED0 /* SendRequest.swift */; };
		7C7B249524C7950E005A4D3D /* TabBarTests.swift in Sources */ = {isa = PBXBuildFile; fileRef = 7C7B249424C7950E005A4D3D /* TabBarTests.swift */; };
		7C7B249924C79858005A4D3D /* TabBar.json in Resources */ = {isa = PBXBuildFile; fileRef = 7C7B249724C7952C005A4D3D /* TabBar.json */; };
		7CC2D9B124C614530059D5F9 /* TabBar.swift in Sources */ = {isa = PBXBuildFile; fileRef = 7CC2D9B024C614530059D5F9 /* TabBar.swift */; };
		933078E824AE4C8D009D92F2 /* SnapshotTesting in Frameworks */ = {isa = PBXBuildFile; productRef = 933078E724AE4C8D009D92F2 /* SnapshotTesting */; };
		935278E8249952DE00AB9D1F /* Expression.swift in Sources */ = {isa = PBXBuildFile; fileRef = 935278E7249952DE00AB9D1F /* Expression.swift */; };
		935278EA249954F500AB9D1F /* DynamicObject.swift in Sources */ = {isa = PBXBuildFile; fileRef = 935278E9249954F500AB9D1F /* DynamicObject.swift */; };
		935278ED249956DC00AB9D1F /* ExpressionTests.swift in Sources */ = {isa = PBXBuildFile; fileRef = 935278EC249956DC00AB9D1F /* ExpressionTests.swift */; };
		938B13B72497E33100AA8E3B /* SetContext.swift in Sources */ = {isa = PBXBuildFile; fileRef = 938B13B62497E33100AA8E3B /* SetContext.swift */; };
		938B13BB2497E59B00AA8E3B /* Context.swift in Sources */ = {isa = PBXBuildFile; fileRef = 938B13BA2497E59B00AA8E3B /* Context.swift */; };
		938B13C02497E6A700AA8E3B /* Path.swift in Sources */ = {isa = PBXBuildFile; fileRef = 938B13BE2497E6A700AA8E3B /* Path.swift */; };
		938B13C42497EB5E00AA8E3B /* String+RegularExpression.swift in Sources */ = {isa = PBXBuildFile; fileRef = 938B13C32497EB5E00AA8E3B /* String+RegularExpression.swift */; };
		938B13C62497EC6200AA8E3B /* Collection+Safe.swift in Sources */ = {isa = PBXBuildFile; fileRef = 938B13C52497EC6200AA8E3B /* Collection+Safe.swift */; };
		93A2EE1824EC47C90085B3CF /* AddChildren.swift in Sources */ = {isa = PBXBuildFile; fileRef = 93A2EE1724EC47C90085B3CF /* AddChildren.swift */; };
		93BFE32A249E2E34009838CE /* Parser.swift in Sources */ = {isa = PBXBuildFile; fileRef = 93BFE329249E2E34009838CE /* Parser.swift */; };
		93BFE32C249E9FBD009838CE /* PathTests.swift in Sources */ = {isa = PBXBuildFile; fileRef = 93BFE32B249E9FBD009838CE /* PathTests.swift */; };
		9885564724C612A200D9818F /* FunctionBuilders.swift in Sources */ = {isa = PBXBuildFile; fileRef = 9885564624C612A100D9818F /* FunctionBuilders.swift */; };
		98E18D12249BE249009D6A54 /* Alert.swift in Sources */ = {isa = PBXBuildFile; fileRef = 98E18D11249BE249009D6A54 /* Alert.swift */; };
		98E18D14249BE255009D6A54 /* Confirm.swift in Sources */ = {isa = PBXBuildFile; fileRef = 98E18D13249BE255009D6A54 /* Confirm.swift */; };
		98E49743249CFE180053DB87 /* TextInput.swift in Sources */ = {isa = PBXBuildFile; fileRef = 98E49742249CFE180053DB87 /* TextInput.swift */; };
		98E4974E249ED5670053DB87 /* TextInputComponent.json in Resources */ = {isa = PBXBuildFile; fileRef = 98E4974D249ED5670053DB87 /* TextInputComponent.json */; };
		98E49751249ED5A00053DB87 /* TextInputTests.swift in Sources */ = {isa = PBXBuildFile; fileRef = 98E49750249ED5A00053DB87 /* TextInputTests.swift */; };
		98FDE08E24AA6AD900C411F8 /* BeagleSchemaTestsComponent.swift in Sources */ = {isa = PBXBuildFile; fileRef = 98FDE08D24AA6AD900C411F8 /* BeagleSchemaTestsComponent.swift */; };
		C0291898247EDF8500C3AA13 /* PageIndicatorTests.swift in Sources */ = {isa = PBXBuildFile; fileRef = C0291897247EDF8500C3AA13 /* PageIndicatorTests.swift */; };
		C029189A247EE02200C3AA13 /* CustomPageIndicator.json in Resources */ = {isa = PBXBuildFile; fileRef = C0291899247EE02200C3AA13 /* CustomPageIndicator.json */; };
		C029189B247EE02200C3AA13 /* CustomPageIndicator.json in Resources */ = {isa = PBXBuildFile; fileRef = C0291899247EE02200C3AA13 /* CustomPageIndicator.json */; };
		C029189D247EE03200C3AA13 /* PageViewWithCustomIndicator.json in Resources */ = {isa = PBXBuildFile; fileRef = C029189C247EE03200C3AA13 /* PageViewWithCustomIndicator.json */; };
		C02918A0247EE2BF00C3AA13 /* CustomPageIndicator.swift in Sources */ = {isa = PBXBuildFile; fileRef = C029189F247EE2BF00C3AA13 /* CustomPageIndicator.swift */; };
		C08D4EC12488259D00AAAC0A /* Schema.swift in Sources */ = {isa = PBXBuildFile; fileRef = C08D4EC02488259D00AAAC0A /* Schema.swift */; };
		C08D4EF3248A7C1D00AAAC0A /* WidgetTests.swift in Sources */ = {isa = PBXBuildFile; fileRef = C08D4EEA248A7C1600AAAC0A /* WidgetTests.swift */; };
		C08D4EF4248A7C2E00AAAC0A /* widgetWithAllAttributes.json in Resources */ = {isa = PBXBuildFile; fileRef = C08D4EEC248A7C1600AAAC0A /* widgetWithAllAttributes.json */; };
		C0FBBD212475803900B72A9B /* BeagleSchema.framework in Frameworks */ = {isa = PBXBuildFile; fileRef = C0FBBD172475803900B72A9B /* BeagleSchema.framework */; };
		C864D2A2247C240200E7A1F9 /* FormSubmit.swift in Sources */ = {isa = PBXBuildFile; fileRef = C864D221247C240200E7A1F9 /* FormSubmit.swift */; };
		C864D2A4247C240200E7A1F9 /* FormInput.swift in Sources */ = {isa = PBXBuildFile; fileRef = C864D224247C240200E7A1F9 /* FormInput.swift */; };
		C864D2A7247C240200E7A1F9 /* FormInputComponent.swift in Sources */ = {isa = PBXBuildFile; fileRef = C864D228247C240200E7A1F9 /* FormInputComponent.swift */; };
		C864D2AB247C240200E7A1F9 /* Form.swift in Sources */ = {isa = PBXBuildFile; fileRef = C864D230247C240200E7A1F9 /* Form.swift */; };
		C864D2AF247C240200E7A1F9 /* WebView.swift in Sources */ = {isa = PBXBuildFile; fileRef = C864D239247C240200E7A1F9 /* WebView.swift */; };
		C864D2B0247C240200E7A1F9 /* Touchable.swift in Sources */ = {isa = PBXBuildFile; fileRef = C864D23B247C240200E7A1F9 /* Touchable.swift */; };
		C864D2B4247C240200E7A1F9 /* SafeArea.swift in Sources */ = {isa = PBXBuildFile; fileRef = C864D244247C240200E7A1F9 /* SafeArea.swift */; };
		C864D2B5247C240200E7A1F9 /* NavigationBar.swift in Sources */ = {isa = PBXBuildFile; fileRef = C864D245247C240200E7A1F9 /* NavigationBar.swift */; };
		C864D2B6247C240200E7A1F9 /* Screen.swift in Sources */ = {isa = PBXBuildFile; fileRef = C864D246247C240200E7A1F9 /* Screen.swift */; };
		C864D2B8247C240200E7A1F9 /* ScreenComponent.swift in Sources */ = {isa = PBXBuildFile; fileRef = C864D248247C240200E7A1F9 /* ScreenComponent.swift */; };
		C864D2B9247C240200E7A1F9 /* RawComponent.swift in Sources */ = {isa = PBXBuildFile; fileRef = C864D249247C240200E7A1F9 /* RawComponent.swift */; };
		C864D2BA247C240200E7A1F9 /* Equality.generated.swift in Sources */ = {isa = PBXBuildFile; fileRef = C864D24C247C240200E7A1F9 /* Equality.generated.swift */; };
		C864D2BB247C240200E7A1F9 /* AutoDecodable.generated.swift in Sources */ = {isa = PBXBuildFile; fileRef = C864D24D247C240200E7A1F9 /* AutoDecodable.generated.swift */; };
		C864D2BC247C240200E7A1F9 /* SourceryProtocols.swift in Sources */ = {isa = PBXBuildFile; fileRef = C864D24E247C240200E7A1F9 /* SourceryProtocols.swift */; };
		C864D2C4247C240200E7A1F9 /* ComponentDecoder.swift in Sources */ = {isa = PBXBuildFile; fileRef = C864D25C247C240200E7A1F9 /* ComponentDecoder.swift */; };
		C864D2C5247C240200E7A1F9 /* AnyDecodableContainer.swift in Sources */ = {isa = PBXBuildFile; fileRef = C864D25D247C240200E7A1F9 /* AnyDecodableContainer.swift */; };
		C864D2CA247C240200E7A1F9 /* Image.swift in Sources */ = {isa = PBXBuildFile; fileRef = C864D269247C240200E7A1F9 /* Image.swift */; };
		C864D2CB247C240200E7A1F9 /* ImageContentMode.swift in Sources */ = {isa = PBXBuildFile; fileRef = C864D26A247C240200E7A1F9 /* ImageContentMode.swift */; };
		C864D2CF247C240200E7A1F9 /* Container.swift in Sources */ = {isa = PBXBuildFile; fileRef = C864D273247C240200E7A1F9 /* Container.swift */; };
		C864D2D2247C240200E7A1F9 /* Button.swift in Sources */ = {isa = PBXBuildFile; fileRef = C864D278247C240200E7A1F9 /* Button.swift */; };
		C864D2D6247C240200E7A1F9 /* Navigate.swift in Sources */ = {isa = PBXBuildFile; fileRef = C864D283247C240200E7A1F9 /* Navigate.swift */; };
		C864D2D8247C240200E7A1F9 /* FormRemoteAction.swift in Sources */ = {isa = PBXBuildFile; fileRef = C864D287247C240200E7A1F9 /* FormRemoteAction.swift */; };
		C864D2D9247C240200E7A1F9 /* FormValidation.swift in Sources */ = {isa = PBXBuildFile; fileRef = C864D289247C240200E7A1F9 /* FormValidation.swift */; };
		C864D2DA247C240200E7A1F9 /* FormLocalAction.swift in Sources */ = {isa = PBXBuildFile; fileRef = C864D28B247C240200E7A1F9 /* FormLocalAction.swift */; };
		C864D2DB247C240200E7A1F9 /* RawAction.swift in Sources */ = {isa = PBXBuildFile; fileRef = C864D28C247C240200E7A1F9 /* RawAction.swift */; };
		C864D2DC247C240200E7A1F9 /* Accessibility.swift in Sources */ = {isa = PBXBuildFile; fileRef = C864D28E247C240200E7A1F9 /* Accessibility.swift */; };
		C864D2DD247C240200E7A1F9 /* UnitValue.swift in Sources */ = {isa = PBXBuildFile; fileRef = C864D290247C240200E7A1F9 /* UnitValue.swift */; };
		C864D2DE247C240200E7A1F9 /* EdgeValue.swift in Sources */ = {isa = PBXBuildFile; fileRef = C864D291247C240200E7A1F9 /* EdgeValue.swift */; };
		C864D2DF247C240200E7A1F9 /* Size.swift in Sources */ = {isa = PBXBuildFile; fileRef = C864D292247C240200E7A1F9 /* Size.swift */; };
		C864D2E0247C240200E7A1F9 /* Flex.swift in Sources */ = {isa = PBXBuildFile; fileRef = C864D293247C240200E7A1F9 /* Flex.swift */; };
		C864D2E1247C240200E7A1F9 /* AnalyticsModels.swift in Sources */ = {isa = PBXBuildFile; fileRef = C864D295247C240200E7A1F9 /* AnalyticsModels.swift */; };
		C864D2E2247C240200E7A1F9 /* Events.swift in Sources */ = {isa = PBXBuildFile; fileRef = C864D296247C240200E7A1F9 /* Events.swift */; };
		C864D2E6247C240200E7A1F9 /* Text.swift in Sources */ = {isa = PBXBuildFile; fileRef = C864D29F247C240200E7A1F9 /* Text.swift */; };
		C864D2E7247C240200E7A1F9 /* RawWidget.swift in Sources */ = {isa = PBXBuildFile; fileRef = C864D2A0247C240200E7A1F9 /* RawWidget.swift */; };
		C864D2F0247C245C00E7A1F9 /* ComponentFromJsonFile.swift in Sources */ = {isa = PBXBuildFile; fileRef = C864D2ED247C245B00E7A1F9 /* ComponentFromJsonFile.swift */; };
		C864D2F6247C257500E7A1F9 /* WebViewTests.swift in Sources */ = {isa = PBXBuildFile; fileRef = C864D233247C240200E7A1F9 /* WebViewTests.swift */; };
		C864D2F7247C257C00E7A1F9 /* WebView.json in Resources */ = {isa = PBXBuildFile; fileRef = C864D235247C240200E7A1F9 /* WebView.json */; };
		C864D2F9247C259E00E7A1F9 /* FormTests.swift in Sources */ = {isa = PBXBuildFile; fileRef = C864D22A247C240200E7A1F9 /* FormTests.swift */; };
		C864D2FB247C25C000E7A1F9 /* FormInputTests.swift in Sources */ = {isa = PBXBuildFile; fileRef = C864D227247C240200E7A1F9 /* FormInputTests.swift */; };
		C864D2FC247C25C800E7A1F9 /* FormSubmitTests.swift in Sources */ = {isa = PBXBuildFile; fileRef = C864D220247C240200E7A1F9 /* FormSubmitTests.swift */; };
		C864D2FD247C25D300E7A1F9 /* TouchableTests.swift in Sources */ = {isa = PBXBuildFile; fileRef = C864D23D247C240200E7A1F9 /* TouchableTests.swift */; };
		C864D2FE247C25D900E7A1F9 /* TouchableDecoderTest.json in Resources */ = {isa = PBXBuildFile; fileRef = C864D23F247C240200E7A1F9 /* TouchableDecoderTest.json */; };
		C89E0C4A2492AFEB00005FCF /* Style.swift in Sources */ = {isa = PBXBuildFile; fileRef = C89E0C492492AFEB00005FCF /* Style.swift */; };
		C8BB30A42486FD18002DD3C1 /* NavigateTests.swift in Sources */ = {isa = PBXBuildFile; fileRef = C8BB30A32486FD17002DD3C1 /* NavigateTests.swift */; };
		C8BB30B12486FDC2002DD3C1 /* opennativeroute.json in Resources */ = {isa = PBXBuildFile; fileRef = C8BB30A72486FDB1002DD3C1 /* opennativeroute.json */; };
		C8BB30B62486FDC2002DD3C1 /* pushview.json in Resources */ = {isa = PBXBuildFile; fileRef = C8BB30AC2486FDB1002DD3C1 /* pushview.json */; };
		C8E530BF24B4EE570045C048 /* Deprecated.swift in Sources */ = {isa = PBXBuildFile; fileRef = C8E530BE24B4EE570045C048 /* Deprecated.swift */; };
		C8EAC4F4247C27FA003089BE /* Schema.h in Headers */ = {isa = PBXBuildFile; fileRef = C8EAC4F2247C2760003089BE /* Schema.h */; settings = {ATTRIBUTES = (Public, ); }; };
		C8EAC4F5247C2808003089BE /* ImageTests.swift in Sources */ = {isa = PBXBuildFile; fileRef = C864D263247C240200E7A1F9 /* ImageTests.swift */; };
		C8EAC4F6247C2811003089BE /* TextTests.swift in Sources */ = {isa = PBXBuildFile; fileRef = C864D299247C240200E7A1F9 /* TextTests.swift */; };
		C8EAC4F8247C2844003089BE /* ContainerTests.swift in Sources */ = {isa = PBXBuildFile; fileRef = C864D26F247C240200E7A1F9 /* ContainerTests.swift */; };
		C8EAC4F9247C284A003089BE /* Container.json in Resources */ = {isa = PBXBuildFile; fileRef = C864D26E247C240200E7A1F9 /* Container.json */; };
		C8EAC4FA247C2851003089BE /* ImageComponent.json in Resources */ = {isa = PBXBuildFile; fileRef = C864D265247C240200E7A1F9 /* ImageComponent.json */; };
		C8EAC4FC247C288B003089BE /* ButtonTests.swift in Sources */ = {isa = PBXBuildFile; fileRef = C864D275247C240200E7A1F9 /* ButtonTests.swift */; };
		C8EAC500247C2920003089BE /* TextComponent.json in Resources */ = {isa = PBXBuildFile; fileRef = C864D29B247C240200E7A1F9 /* TextComponent.json */; };
		C8EAC502247C29BC003089BE /* ComponentDecoderTests.swift in Sources */ = {isa = PBXBuildFile; fileRef = C864D258247C240200E7A1F9 /* ComponentDecoderTests.swift */; };
		C8EAC503247C2A09003089BE /* formComponent.json in Resources */ = {isa = PBXBuildFile; fileRef = C864D22C247C240200E7A1F9 /* formComponent.json */; };
		C8EBCC31247C3002002030CC /* LazyComponent.swift in Sources */ = {isa = PBXBuildFile; fileRef = C8EBCC2D247C3002002030CC /* LazyComponent.swift */; };
		C8EBCC3B247C300E002030CC /* ListView.swift in Sources */ = {isa = PBXBuildFile; fileRef = C8EBCC33247C300E002030CC /* ListView.swift */; };
		C8EBCC60247C3027002030CC /* PageIndicator.swift in Sources */ = {isa = PBXBuildFile; fileRef = C8EBCC55247C3026002030CC /* PageIndicator.swift */; };
		C8EBCC66247C3027002030CC /* PageView.swift in Sources */ = {isa = PBXBuildFile; fileRef = C8EBCC5F247C3026002030CC /* PageView.swift */; };
		C8EBCC73247C3033002030CC /* ScrollView.swift in Sources */ = {isa = PBXBuildFile; fileRef = C8EBCC6F247C3032002030CC /* ScrollView.swift */; };
		C8EBCC80247C3041002030CC /* TabView.swift in Sources */ = {isa = PBXBuildFile; fileRef = C8EBCC7C247C3041002030CC /* TabView.swift */; };
		C8EBCC81247C304D002030CC /* LazyComponentTests.swift in Sources */ = {isa = PBXBuildFile; fileRef = C8EBCC27247C3002002030CC /* LazyComponentTests.swift */; };
		C8EBCC83247C308B002030CC /* lazyComponent.json in Resources */ = {isa = PBXBuildFile; fileRef = C8EBCC29247C3002002030CC /* lazyComponent.json */; };
		C8EBCC84247C3091002030CC /* ListViewTests.swift in Sources */ = {isa = PBXBuildFile; fileRef = C8EBCC35247C300E002030CC /* ListViewTests.swift */; };
		C8EBCC85247C3094002030CC /* listViewComponent.json in Resources */ = {isa = PBXBuildFile; fileRef = C8EBCC37247C300E002030CC /* listViewComponent.json */; };
		C8EBCC87247C30C5002030CC /* PageViewTests.swift in Sources */ = {isa = PBXBuildFile; fileRef = C8EBCC57247C3026002030CC /* PageViewTests.swift */; };
		C8EBCC88247C30C9002030CC /* PageViewWith3PagesAndIndicator.json in Resources */ = {isa = PBXBuildFile; fileRef = C8EBCC59247C3026002030CC /* PageViewWith3PagesAndIndicator.json */; };
		C8EBCC89247C30C9002030CC /* PageViewWith3Pages.json in Resources */ = {isa = PBXBuildFile; fileRef = C8EBCC5A247C3026002030CC /* PageViewWith3Pages.json */; };
		C8EBCC8B247C30E9002030CC /* ScrollViewTests.swift in Sources */ = {isa = PBXBuildFile; fileRef = C8EBCC6B247C3032002030CC /* ScrollViewTests.swift */; };
		C8EBCC8C247C30EE002030CC /* ScrollViewComponent.json in Resources */ = {isa = PBXBuildFile; fileRef = C8EBCC6A247C3032002030CC /* ScrollViewComponent.json */; };
		C8EBCC8E247C3112002030CC /* TabViewTests.swift in Sources */ = {isa = PBXBuildFile; fileRef = C8EBCC76247C3041002030CC /* TabViewTests.swift */; };
		C8EBCC8F247C3116002030CC /* TabView.json in Resources */ = {isa = PBXBuildFile; fileRef = C8EBCC78247C3041002030CC /* TabView.json */; };
/* End PBXBuildFile section */

/* Begin PBXContainerItemProxy section */
		C0FBBD222475803900B72A9B /* PBXContainerItemProxy */ = {
			isa = PBXContainerItemProxy;
			containerPortal = C0FBBD0E2475803900B72A9B /* Project object */;
			proxyType = 1;
			remoteGlobalIDString = C0FBBD162475803900B72A9B;
			remoteInfo = Components;
		};
/* End PBXContainerItemProxy section */

/* Begin PBXFileReference section */
		252D727424D84AEF0069541F /* Binding.swift */ = {isa = PBXFileReference; lastKnownFileType = sourcecode.swift; path = Binding.swift; sourceTree = "<group>"; };
		252D727824D8AE850069541F /* Literal.swift */ = {isa = PBXFileReference; lastKnownFileType = sourcecode.swift; path = Literal.swift; sourceTree = "<group>"; };
		257FC9F824DCA75300F2157C /* Value.swift */ = {isa = PBXFileReference; lastKnownFileType = sourcecode.swift; path = Value.swift; sourceTree = "<group>"; };
		257FC9FA24DDB74300F2157C /* Operation.swift */ = {isa = PBXFileReference; lastKnownFileType = sourcecode.swift; path = Operation.swift; sourceTree = "<group>"; };
		25C762A72511007100AB4D33 /* Condition.swift */ = {isa = PBXFileReference; lastKnownFileType = sourcecode.swift; path = Condition.swift; sourceTree = "<group>"; };
		25CDD46A24E7315E00CC49CB /* __Snapshots__ */ = {isa = PBXFileReference; lastKnownFileType = folder; path = __Snapshots__; sourceTree = "<group>"; };
		3D775A4624F933D400BBECCE /* __Snapshots__ */ = {isa = PBXFileReference; lastKnownFileType = folder; path = __Snapshots__; sourceTree = "<group>"; };
		3DE08EC324F03C1A00CFDC36 /* __Snapshots__ */ = {isa = PBXFileReference; lastKnownFileType = folder; path = __Snapshots__; sourceTree = "<group>"; };
		570434EC24A6753000DAD0D3 /* buttonComponent.json */ = {isa = PBXFileReference; fileEncoding = 4; lastKnownFileType = text.json; path = buttonComponent.json; sourceTree = "<group>"; };
		6E71540124B3953C0025B850 /* SimpleFormTests.swift */ = {isa = PBXFileReference; lastKnownFileType = sourcecode.swift; path = SimpleFormTests.swift; sourceTree = "<group>"; };
		6E71540824B3A7860025B850 /* simpleFormComponent.json */ = {isa = PBXFileReference; fileEncoding = 4; lastKnownFileType = text.json; path = simpleFormComponent.json; sourceTree = "<group>"; };
		6EB3368124A52AB5000A9D17 /* SubmitForm.swift */ = {isa = PBXFileReference; fileEncoding = 4; lastKnownFileType = sourcecode.swift; path = SubmitForm.swift; sourceTree = "<group>"; };
		6EB3368624A52BB4000A9D17 /* SimpleForm.swift */ = {isa = PBXFileReference; fileEncoding = 4; lastKnownFileType = sourcecode.swift; path = SimpleForm.swift; sourceTree = "<group>"; };
		7685B040249A852A007EDED0 /* SendRequest.swift */ = {isa = PBXFileReference; fileEncoding = 4; lastKnownFileType = sourcecode.swift; path = SendRequest.swift; sourceTree = "<group>"; };
		7C7B249424C7950E005A4D3D /* TabBarTests.swift */ = {isa = PBXFileReference; lastKnownFileType = sourcecode.swift; path = TabBarTests.swift; sourceTree = "<group>"; };
		7C7B249724C7952C005A4D3D /* TabBar.json */ = {isa = PBXFileReference; lastKnownFileType = text.json; path = TabBar.json; sourceTree = "<group>"; };
		7C7B249A24C79871005A4D3D /* __Snapshots__ */ = {isa = PBXFileReference; lastKnownFileType = folder; path = __Snapshots__; sourceTree = "<group>"; };
		7CC2D9B024C614530059D5F9 /* TabBar.swift */ = {isa = PBXFileReference; lastKnownFileType = sourcecode.swift; path = TabBar.swift; sourceTree = "<group>"; };
		9302EE7424A28F5500E84A44 /* __Snapshots__ */ = {isa = PBXFileReference; lastKnownFileType = folder; path = __Snapshots__; sourceTree = "<group>"; };
		935278E7249952DE00AB9D1F /* Expression.swift */ = {isa = PBXFileReference; lastKnownFileType = sourcecode.swift; path = Expression.swift; sourceTree = "<group>"; };
		935278E9249954F500AB9D1F /* DynamicObject.swift */ = {isa = PBXFileReference; lastKnownFileType = sourcecode.swift; path = DynamicObject.swift; sourceTree = "<group>"; };
		935278EC249956DC00AB9D1F /* ExpressionTests.swift */ = {isa = PBXFileReference; lastKnownFileType = sourcecode.swift; path = ExpressionTests.swift; sourceTree = "<group>"; };
		938B13B62497E33100AA8E3B /* SetContext.swift */ = {isa = PBXFileReference; fileEncoding = 4; lastKnownFileType = sourcecode.swift; path = SetContext.swift; sourceTree = "<group>"; };
		938B13BA2497E59B00AA8E3B /* Context.swift */ = {isa = PBXFileReference; lastKnownFileType = sourcecode.swift; path = Context.swift; sourceTree = "<group>"; };
		938B13BE2497E6A700AA8E3B /* Path.swift */ = {isa = PBXFileReference; fileEncoding = 4; lastKnownFileType = sourcecode.swift; path = Path.swift; sourceTree = "<group>"; };
		938B13C32497EB5E00AA8E3B /* String+RegularExpression.swift */ = {isa = PBXFileReference; fileEncoding = 4; lastKnownFileType = sourcecode.swift; path = "String+RegularExpression.swift"; sourceTree = "<group>"; };
		938B13C52497EC6200AA8E3B /* Collection+Safe.swift */ = {isa = PBXFileReference; fileEncoding = 4; lastKnownFileType = sourcecode.swift; path = "Collection+Safe.swift"; sourceTree = "<group>"; };
		93A2EE1724EC47C90085B3CF /* AddChildren.swift */ = {isa = PBXFileReference; lastKnownFileType = sourcecode.swift; path = AddChildren.swift; sourceTree = "<group>"; };
		93BFE329249E2E34009838CE /* Parser.swift */ = {isa = PBXFileReference; lastKnownFileType = sourcecode.swift; path = Parser.swift; sourceTree = "<group>"; };
		93BFE32B249E9FBD009838CE /* PathTests.swift */ = {isa = PBXFileReference; lastKnownFileType = sourcecode.swift; path = PathTests.swift; sourceTree = "<group>"; };
		9885564624C612A100D9818F /* FunctionBuilders.swift */ = {isa = PBXFileReference; lastKnownFileType = sourcecode.swift; path = FunctionBuilders.swift; sourceTree = "<group>"; };
		98E18D11249BE249009D6A54 /* Alert.swift */ = {isa = PBXFileReference; lastKnownFileType = sourcecode.swift; path = Alert.swift; sourceTree = "<group>"; };
		98E18D13249BE255009D6A54 /* Confirm.swift */ = {isa = PBXFileReference; lastKnownFileType = sourcecode.swift; path = Confirm.swift; sourceTree = "<group>"; };
		98E49742249CFE180053DB87 /* TextInput.swift */ = {isa = PBXFileReference; lastKnownFileType = sourcecode.swift; path = TextInput.swift; sourceTree = "<group>"; };
		98E4974D249ED5670053DB87 /* TextInputComponent.json */ = {isa = PBXFileReference; fileEncoding = 4; lastKnownFileType = text.json; path = TextInputComponent.json; sourceTree = "<group>"; };
		98E49750249ED5A00053DB87 /* TextInputTests.swift */ = {isa = PBXFileReference; lastKnownFileType = sourcecode.swift; path = TextInputTests.swift; sourceTree = "<group>"; };
		98FDE08D24AA6AD900C411F8 /* BeagleSchemaTestsComponent.swift */ = {isa = PBXFileReference; lastKnownFileType = sourcecode.swift; path = BeagleSchemaTestsComponent.swift; sourceTree = "<group>"; };
		C0291897247EDF8500C3AA13 /* PageIndicatorTests.swift */ = {isa = PBXFileReference; lastKnownFileType = sourcecode.swift; path = PageIndicatorTests.swift; sourceTree = "<group>"; };
		C0291899247EE02200C3AA13 /* CustomPageIndicator.json */ = {isa = PBXFileReference; fileEncoding = 4; lastKnownFileType = text.json; path = CustomPageIndicator.json; sourceTree = "<group>"; };
		C029189C247EE03200C3AA13 /* PageViewWithCustomIndicator.json */ = {isa = PBXFileReference; fileEncoding = 4; lastKnownFileType = text.json; path = PageViewWithCustomIndicator.json; sourceTree = "<group>"; };
		C029189E247EE1A300C3AA13 /* __Snapshots__ */ = {isa = PBXFileReference; lastKnownFileType = folder; path = __Snapshots__; sourceTree = "<group>"; };
		C029189F247EE2BF00C3AA13 /* CustomPageIndicator.swift */ = {isa = PBXFileReference; lastKnownFileType = sourcecode.swift; path = CustomPageIndicator.swift; sourceTree = "<group>"; };
		C08D4EC02488259D00AAAC0A /* Schema.swift */ = {isa = PBXFileReference; lastKnownFileType = sourcecode.swift; path = Schema.swift; sourceTree = "<group>"; };
		C08D4EEA248A7C1600AAAC0A /* WidgetTests.swift */ = {isa = PBXFileReference; fileEncoding = 4; lastKnownFileType = sourcecode.swift; path = WidgetTests.swift; sourceTree = "<group>"; };
		C08D4EEC248A7C1600AAAC0A /* widgetWithAllAttributes.json */ = {isa = PBXFileReference; fileEncoding = 4; lastKnownFileType = text.json; path = widgetWithAllAttributes.json; sourceTree = "<group>"; };
		C08D4EF5248A7C5900AAAC0A /* __Snapshots__ */ = {isa = PBXFileReference; lastKnownFileType = folder; path = __Snapshots__; sourceTree = "<group>"; };
		C0FBBD172475803900B72A9B /* BeagleSchema.framework */ = {isa = PBXFileReference; explicitFileType = wrapper.framework; includeInIndex = 0; path = BeagleSchema.framework; sourceTree = BUILT_PRODUCTS_DIR; };
		C0FBBD202475803900B72A9B /* BeagleSchemaTests.xctest */ = {isa = PBXFileReference; explicitFileType = wrapper.cfbundle; includeInIndex = 0; path = BeagleSchemaTests.xctest; sourceTree = BUILT_PRODUCTS_DIR; };
		C838415D24A4483400EDD344 /* SnapshotTesting.framework */ = {isa = PBXFileReference; lastKnownFileType = wrapper.framework; name = SnapshotTesting.framework; path = ../Carthage/Build/iOS/SnapshotTesting.framework; sourceTree = "<group>"; };
		C864D220247C240200E7A1F9 /* FormSubmitTests.swift */ = {isa = PBXFileReference; fileEncoding = 4; lastKnownFileType = sourcecode.swift; path = FormSubmitTests.swift; sourceTree = "<group>"; };
		C864D221247C240200E7A1F9 /* FormSubmit.swift */ = {isa = PBXFileReference; fileEncoding = 4; lastKnownFileType = sourcecode.swift; path = FormSubmit.swift; sourceTree = "<group>"; };
		C864D224247C240200E7A1F9 /* FormInput.swift */ = {isa = PBXFileReference; fileEncoding = 4; lastKnownFileType = sourcecode.swift; path = FormInput.swift; sourceTree = "<group>"; };
		C864D227247C240200E7A1F9 /* FormInputTests.swift */ = {isa = PBXFileReference; fileEncoding = 4; lastKnownFileType = sourcecode.swift; path = FormInputTests.swift; sourceTree = "<group>"; };
		C864D228247C240200E7A1F9 /* FormInputComponent.swift */ = {isa = PBXFileReference; fileEncoding = 4; lastKnownFileType = sourcecode.swift; path = FormInputComponent.swift; sourceTree = "<group>"; };
		C864D22A247C240200E7A1F9 /* FormTests.swift */ = {isa = PBXFileReference; fileEncoding = 4; lastKnownFileType = sourcecode.swift; path = FormTests.swift; sourceTree = "<group>"; };
		C864D22C247C240200E7A1F9 /* formComponent.json */ = {isa = PBXFileReference; fileEncoding = 4; lastKnownFileType = text.json; path = formComponent.json; sourceTree = "<group>"; };
		C864D230247C240200E7A1F9 /* Form.swift */ = {isa = PBXFileReference; fileEncoding = 4; lastKnownFileType = sourcecode.swift; path = Form.swift; sourceTree = "<group>"; };
		C864D233247C240200E7A1F9 /* WebViewTests.swift */ = {isa = PBXFileReference; fileEncoding = 4; lastKnownFileType = sourcecode.swift; path = WebViewTests.swift; sourceTree = "<group>"; };
		C864D235247C240200E7A1F9 /* WebView.json */ = {isa = PBXFileReference; fileEncoding = 4; lastKnownFileType = text.json; path = WebView.json; sourceTree = "<group>"; };
		C864D239247C240200E7A1F9 /* WebView.swift */ = {isa = PBXFileReference; fileEncoding = 4; lastKnownFileType = sourcecode.swift; path = WebView.swift; sourceTree = "<group>"; };
		C864D23B247C240200E7A1F9 /* Touchable.swift */ = {isa = PBXFileReference; fileEncoding = 4; lastKnownFileType = sourcecode.swift; path = Touchable.swift; sourceTree = "<group>"; };
		C864D23D247C240200E7A1F9 /* TouchableTests.swift */ = {isa = PBXFileReference; fileEncoding = 4; lastKnownFileType = sourcecode.swift; path = TouchableTests.swift; sourceTree = "<group>"; };
		C864D23F247C240200E7A1F9 /* TouchableDecoderTest.json */ = {isa = PBXFileReference; fileEncoding = 4; lastKnownFileType = text.json; path = TouchableDecoderTest.json; sourceTree = "<group>"; };
		C864D244247C240200E7A1F9 /* SafeArea.swift */ = {isa = PBXFileReference; fileEncoding = 4; lastKnownFileType = sourcecode.swift; path = SafeArea.swift; sourceTree = "<group>"; };
		C864D245247C240200E7A1F9 /* NavigationBar.swift */ = {isa = PBXFileReference; fileEncoding = 4; lastKnownFileType = sourcecode.swift; path = NavigationBar.swift; sourceTree = "<group>"; };
		C864D246247C240200E7A1F9 /* Screen.swift */ = {isa = PBXFileReference; fileEncoding = 4; lastKnownFileType = sourcecode.swift; path = Screen.swift; sourceTree = "<group>"; };
		C864D248247C240200E7A1F9 /* ScreenComponent.swift */ = {isa = PBXFileReference; fileEncoding = 4; lastKnownFileType = sourcecode.swift; path = ScreenComponent.swift; sourceTree = "<group>"; };
		C864D249247C240200E7A1F9 /* RawComponent.swift */ = {isa = PBXFileReference; fileEncoding = 4; lastKnownFileType = sourcecode.swift; path = RawComponent.swift; sourceTree = "<group>"; };
		C864D24C247C240200E7A1F9 /* Equality.generated.swift */ = {isa = PBXFileReference; fileEncoding = 4; lastKnownFileType = sourcecode.swift; path = Equality.generated.swift; sourceTree = "<group>"; };
		C864D24D247C240200E7A1F9 /* AutoDecodable.generated.swift */ = {isa = PBXFileReference; fileEncoding = 4; lastKnownFileType = sourcecode.swift; path = AutoDecodable.generated.swift; sourceTree = "<group>"; };
		C864D24E247C240200E7A1F9 /* SourceryProtocols.swift */ = {isa = PBXFileReference; fileEncoding = 4; lastKnownFileType = sourcecode.swift; path = SourceryProtocols.swift; sourceTree = "<group>"; };
		C864D258247C240200E7A1F9 /* ComponentDecoderTests.swift */ = {isa = PBXFileReference; fileEncoding = 4; lastKnownFileType = sourcecode.swift; path = ComponentDecoderTests.swift; sourceTree = "<group>"; };
		C864D25C247C240200E7A1F9 /* ComponentDecoder.swift */ = {isa = PBXFileReference; fileEncoding = 4; lastKnownFileType = sourcecode.swift; path = ComponentDecoder.swift; sourceTree = "<group>"; };
		C864D25D247C240200E7A1F9 /* AnyDecodableContainer.swift */ = {isa = PBXFileReference; fileEncoding = 4; lastKnownFileType = sourcecode.swift; path = AnyDecodableContainer.swift; sourceTree = "<group>"; };
		C864D263247C240200E7A1F9 /* ImageTests.swift */ = {isa = PBXFileReference; fileEncoding = 4; lastKnownFileType = sourcecode.swift; path = ImageTests.swift; sourceTree = "<group>"; };
		C864D265247C240200E7A1F9 /* ImageComponent.json */ = {isa = PBXFileReference; fileEncoding = 4; lastKnownFileType = text.json; path = ImageComponent.json; sourceTree = "<group>"; };
		C864D269247C240200E7A1F9 /* Image.swift */ = {isa = PBXFileReference; fileEncoding = 4; lastKnownFileType = sourcecode.swift; path = Image.swift; sourceTree = "<group>"; };
		C864D26A247C240200E7A1F9 /* ImageContentMode.swift */ = {isa = PBXFileReference; fileEncoding = 4; lastKnownFileType = sourcecode.swift; path = ImageContentMode.swift; sourceTree = "<group>"; };
		C864D26E247C240200E7A1F9 /* Container.json */ = {isa = PBXFileReference; fileEncoding = 4; lastKnownFileType = text.json; path = Container.json; sourceTree = "<group>"; };
		C864D26F247C240200E7A1F9 /* ContainerTests.swift */ = {isa = PBXFileReference; fileEncoding = 4; lastKnownFileType = sourcecode.swift; path = ContainerTests.swift; sourceTree = "<group>"; };
		C864D273247C240200E7A1F9 /* Container.swift */ = {isa = PBXFileReference; fileEncoding = 4; lastKnownFileType = sourcecode.swift; path = Container.swift; sourceTree = "<group>"; };
		C864D275247C240200E7A1F9 /* ButtonTests.swift */ = {isa = PBXFileReference; fileEncoding = 4; lastKnownFileType = sourcecode.swift; name = ButtonTests.swift; path = ../ButtonTests.swift; sourceTree = "<group>"; };
		C864D278247C240200E7A1F9 /* Button.swift */ = {isa = PBXFileReference; fileEncoding = 4; lastKnownFileType = sourcecode.swift; path = Button.swift; sourceTree = "<group>"; };
		C864D283247C240200E7A1F9 /* Navigate.swift */ = {isa = PBXFileReference; fileEncoding = 4; lastKnownFileType = sourcecode.swift; path = Navigate.swift; sourceTree = "<group>"; };
		C864D287247C240200E7A1F9 /* FormRemoteAction.swift */ = {isa = PBXFileReference; fileEncoding = 4; lastKnownFileType = sourcecode.swift; path = FormRemoteAction.swift; sourceTree = "<group>"; };
		C864D289247C240200E7A1F9 /* FormValidation.swift */ = {isa = PBXFileReference; fileEncoding = 4; lastKnownFileType = sourcecode.swift; path = FormValidation.swift; sourceTree = "<group>"; };
		C864D28B247C240200E7A1F9 /* FormLocalAction.swift */ = {isa = PBXFileReference; fileEncoding = 4; lastKnownFileType = sourcecode.swift; path = FormLocalAction.swift; sourceTree = "<group>"; };
		C864D28C247C240200E7A1F9 /* RawAction.swift */ = {isa = PBXFileReference; fileEncoding = 4; lastKnownFileType = sourcecode.swift; path = RawAction.swift; sourceTree = "<group>"; };
		C864D28E247C240200E7A1F9 /* Accessibility.swift */ = {isa = PBXFileReference; fileEncoding = 4; lastKnownFileType = sourcecode.swift; path = Accessibility.swift; sourceTree = "<group>"; };
		C864D290247C240200E7A1F9 /* UnitValue.swift */ = {isa = PBXFileReference; fileEncoding = 4; lastKnownFileType = sourcecode.swift; path = UnitValue.swift; sourceTree = "<group>"; };
		C864D291247C240200E7A1F9 /* EdgeValue.swift */ = {isa = PBXFileReference; fileEncoding = 4; lastKnownFileType = sourcecode.swift; path = EdgeValue.swift; sourceTree = "<group>"; };
		C864D292247C240200E7A1F9 /* Size.swift */ = {isa = PBXFileReference; fileEncoding = 4; lastKnownFileType = sourcecode.swift; path = Size.swift; sourceTree = "<group>"; };
		C864D293247C240200E7A1F9 /* Flex.swift */ = {isa = PBXFileReference; fileEncoding = 4; lastKnownFileType = sourcecode.swift; path = Flex.swift; sourceTree = "<group>"; };
		C864D295247C240200E7A1F9 /* AnalyticsModels.swift */ = {isa = PBXFileReference; fileEncoding = 4; lastKnownFileType = sourcecode.swift; path = AnalyticsModels.swift; sourceTree = "<group>"; };
		C864D296247C240200E7A1F9 /* Events.swift */ = {isa = PBXFileReference; fileEncoding = 4; lastKnownFileType = sourcecode.swift; path = Events.swift; sourceTree = "<group>"; };
		C864D299247C240200E7A1F9 /* TextTests.swift */ = {isa = PBXFileReference; fileEncoding = 4; lastKnownFileType = sourcecode.swift; path = TextTests.swift; sourceTree = "<group>"; };
		C864D29B247C240200E7A1F9 /* TextComponent.json */ = {isa = PBXFileReference; fileEncoding = 4; lastKnownFileType = text.json; path = TextComponent.json; sourceTree = "<group>"; };
		C864D29F247C240200E7A1F9 /* Text.swift */ = {isa = PBXFileReference; fileEncoding = 4; lastKnownFileType = sourcecode.swift; path = Text.swift; sourceTree = "<group>"; };
		C864D2A0247C240200E7A1F9 /* RawWidget.swift */ = {isa = PBXFileReference; fileEncoding = 4; lastKnownFileType = sourcecode.swift; path = RawWidget.swift; sourceTree = "<group>"; };
		C864D2ED247C245B00E7A1F9 /* ComponentFromJsonFile.swift */ = {isa = PBXFileReference; fileEncoding = 4; lastKnownFileType = sourcecode.swift; path = ComponentFromJsonFile.swift; sourceTree = "<group>"; };
		C864D2EE247C245B00E7A1F9 /* Info.plist */ = {isa = PBXFileReference; fileEncoding = 4; lastKnownFileType = text.plist.xml; path = Info.plist; sourceTree = "<group>"; };
		C864D2F8247C259100E7A1F9 /* __Snapshots__ */ = {isa = PBXFileReference; lastKnownFileType = folder; path = __Snapshots__; sourceTree = "<group>"; };
		C864D2FA247C25B300E7A1F9 /* __Snapshots__ */ = {isa = PBXFileReference; lastKnownFileType = folder; path = __Snapshots__; sourceTree = "<group>"; };
		C89E0C492492AFEB00005FCF /* Style.swift */ = {isa = PBXFileReference; fileEncoding = 4; lastKnownFileType = sourcecode.swift; path = Style.swift; sourceTree = "<group>"; };
		C8BB30A32486FD17002DD3C1 /* NavigateTests.swift */ = {isa = PBXFileReference; fileEncoding = 4; lastKnownFileType = sourcecode.swift; path = NavigateTests.swift; sourceTree = "<group>"; };
		C8BB30A72486FDB1002DD3C1 /* opennativeroute.json */ = {isa = PBXFileReference; fileEncoding = 4; lastKnownFileType = text.json; path = opennativeroute.json; sourceTree = "<group>"; };
		C8BB30AC2486FDB1002DD3C1 /* pushview.json */ = {isa = PBXFileReference; fileEncoding = 4; lastKnownFileType = text.json; path = pushview.json; sourceTree = "<group>"; };
		C8E530BE24B4EE570045C048 /* Deprecated.swift */ = {isa = PBXFileReference; lastKnownFileType = sourcecode.swift; path = Deprecated.swift; sourceTree = "<group>"; };
		C8EAC4F1247C2760003089BE /* Info.plist */ = {isa = PBXFileReference; lastKnownFileType = text.plist.xml; path = Info.plist; sourceTree = "<group>"; };
		C8EAC4F2247C2760003089BE /* Schema.h */ = {isa = PBXFileReference; lastKnownFileType = sourcecode.c.h; path = Schema.h; sourceTree = "<group>"; };
		C8EAC4F7247C2835003089BE /* __Snapshots__ */ = {isa = PBXFileReference; lastKnownFileType = folder; path = __Snapshots__; sourceTree = "<group>"; };
		C8EAC4FB247C2883003089BE /* __Snapshots__ */ = {isa = PBXFileReference; lastKnownFileType = folder; path = __Snapshots__; sourceTree = "<group>"; };
		C8EAC4FF247C28DC003089BE /* __Snapshots__ */ = {isa = PBXFileReference; lastKnownFileType = text; name = __Snapshots__; path = Sources/Widgets/Button/__Snapshots__; sourceTree = SOURCE_ROOT; };
		C8EAC501247C2930003089BE /* __Snapshots__ */ = {isa = PBXFileReference; lastKnownFileType = folder; path = __Snapshots__; sourceTree = "<group>"; };
		C8EAC505247C2A3D003089BE /* __Snapshots__ */ = {isa = PBXFileReference; lastKnownFileType = folder; path = __Snapshots__; sourceTree = "<group>"; };
		C8EBCC27247C3002002030CC /* LazyComponentTests.swift */ = {isa = PBXFileReference; fileEncoding = 4; lastKnownFileType = sourcecode.swift; path = LazyComponentTests.swift; sourceTree = "<group>"; };
		C8EBCC29247C3002002030CC /* lazyComponent.json */ = {isa = PBXFileReference; fileEncoding = 4; lastKnownFileType = text.json; path = lazyComponent.json; sourceTree = "<group>"; };
		C8EBCC2D247C3002002030CC /* LazyComponent.swift */ = {isa = PBXFileReference; fileEncoding = 4; lastKnownFileType = sourcecode.swift; path = LazyComponent.swift; sourceTree = "<group>"; };
		C8EBCC33247C300E002030CC /* ListView.swift */ = {isa = PBXFileReference; fileEncoding = 4; lastKnownFileType = sourcecode.swift; path = ListView.swift; sourceTree = "<group>"; };
		C8EBCC35247C300E002030CC /* ListViewTests.swift */ = {isa = PBXFileReference; fileEncoding = 4; lastKnownFileType = sourcecode.swift; path = ListViewTests.swift; sourceTree = "<group>"; };
		C8EBCC37247C300E002030CC /* listViewComponent.json */ = {isa = PBXFileReference; fileEncoding = 4; lastKnownFileType = text.json; path = listViewComponent.json; sourceTree = "<group>"; };
		C8EBCC55247C3026002030CC /* PageIndicator.swift */ = {isa = PBXFileReference; fileEncoding = 4; lastKnownFileType = sourcecode.swift; path = PageIndicator.swift; sourceTree = "<group>"; };
		C8EBCC57247C3026002030CC /* PageViewTests.swift */ = {isa = PBXFileReference; fileEncoding = 4; lastKnownFileType = sourcecode.swift; path = PageViewTests.swift; sourceTree = "<group>"; };
		C8EBCC59247C3026002030CC /* PageViewWith3PagesAndIndicator.json */ = {isa = PBXFileReference; fileEncoding = 4; lastKnownFileType = text.json; path = PageViewWith3PagesAndIndicator.json; sourceTree = "<group>"; };
		C8EBCC5A247C3026002030CC /* PageViewWith3Pages.json */ = {isa = PBXFileReference; fileEncoding = 4; lastKnownFileType = text.json; path = PageViewWith3Pages.json; sourceTree = "<group>"; };
		C8EBCC5F247C3026002030CC /* PageView.swift */ = {isa = PBXFileReference; fileEncoding = 4; lastKnownFileType = sourcecode.swift; path = PageView.swift; sourceTree = "<group>"; };
		C8EBCC6A247C3032002030CC /* ScrollViewComponent.json */ = {isa = PBXFileReference; fileEncoding = 4; lastKnownFileType = text.json; path = ScrollViewComponent.json; sourceTree = "<group>"; };
		C8EBCC6B247C3032002030CC /* ScrollViewTests.swift */ = {isa = PBXFileReference; fileEncoding = 4; lastKnownFileType = sourcecode.swift; path = ScrollViewTests.swift; sourceTree = "<group>"; };
		C8EBCC6F247C3032002030CC /* ScrollView.swift */ = {isa = PBXFileReference; fileEncoding = 4; lastKnownFileType = sourcecode.swift; path = ScrollView.swift; sourceTree = "<group>"; };
		C8EBCC76247C3041002030CC /* TabViewTests.swift */ = {isa = PBXFileReference; fileEncoding = 4; lastKnownFileType = sourcecode.swift; path = TabViewTests.swift; sourceTree = "<group>"; };
		C8EBCC78247C3041002030CC /* TabView.json */ = {isa = PBXFileReference; fileEncoding = 4; lastKnownFileType = text.json; path = TabView.json; sourceTree = "<group>"; };
		C8EBCC7C247C3041002030CC /* TabView.swift */ = {isa = PBXFileReference; fileEncoding = 4; lastKnownFileType = sourcecode.swift; path = TabView.swift; sourceTree = "<group>"; };
		C8EBCC90247C3126002030CC /* __Snapshots__ */ = {isa = PBXFileReference; lastKnownFileType = folder; path = __Snapshots__; sourceTree = "<group>"; };
/* End PBXFileReference section */

/* Begin PBXFrameworksBuildPhase section */
		C0FBBD142475803900B72A9B /* Frameworks */ = {
			isa = PBXFrameworksBuildPhase;
			buildActionMask = 2147483647;
			files = (
			);
			runOnlyForDeploymentPostprocessing = 0;
		};
		C0FBBD1D2475803900B72A9B /* Frameworks */ = {
			isa = PBXFrameworksBuildPhase;
			buildActionMask = 2147483647;
			files = (
				933078E824AE4C8D009D92F2 /* SnapshotTesting in Frameworks */,
				C0FBBD212475803900B72A9B /* BeagleSchema.framework in Frameworks */,
			);
			runOnlyForDeploymentPostprocessing = 0;
		};
/* End PBXFrameworksBuildPhase section */

/* Begin PBXGroup section */
		6E71540024B394E80025B850 /* Tests */ = {
			isa = PBXGroup;
			children = (
				25CDD46A24E7315E00CC49CB /* __Snapshots__ */,
				6E71540424B3A5AF0025B850 /* Json */,
				6E71540124B3953C0025B850 /* SimpleFormTests.swift */,
			);
			path = Tests;
			sourceTree = "<group>";
		};
		6E71540424B3A5AF0025B850 /* Json */ = {
			isa = PBXGroup;
			children = (
				6E71540824B3A7860025B850 /* simpleFormComponent.json */,
			);
			path = Json;
			sourceTree = "<group>";
		};
		6EB3368324A52AF2000A9D17 /* SimpleForm */ = {
			isa = PBXGroup;
			children = (
				6EB3368624A52BB4000A9D17 /* SimpleForm.swift */,
				6E71540024B394E80025B850 /* Tests */,
			);
			path = SimpleForm;
			sourceTree = "<group>";
		};
		7C5E3D3424C08F2B009E5A3C /* PageIndicator */ = {
			isa = PBXGroup;
			children = (
				C8EBCC54247C3026002030CC /* Indicator */,
			);
			path = PageIndicator;
			sourceTree = "<group>";
		};
		7C7B249624C79516005A4D3D /* JSON */ = {
			isa = PBXGroup;
			children = (
				7C7B249724C7952C005A4D3D /* TabBar.json */,
			);
			path = JSON;
			sourceTree = "<group>";
		};
		7CC2D9AF24C6143B0059D5F9 /* TabBar */ = {
			isa = PBXGroup;
			children = (
				7CC2D9B024C614530059D5F9 /* TabBar.swift */,
				7CC2D9B724C7854B0059D5F9 /* Tests */,
			);
			path = TabBar;
			sourceTree = "<group>";
		};
		7CC2D9B724C7854B0059D5F9 /* Tests */ = {
			isa = PBXGroup;
			children = (
				7C7B249A24C79871005A4D3D /* __Snapshots__ */,
				7C7B249624C79516005A4D3D /* JSON */,
				7C7B249424C7950E005A4D3D /* TabBarTests.swift */,
			);
			path = Tests;
			sourceTree = "<group>";
		};
		935278E62499529C00AB9D1F /* ContextExpression */ = {
			isa = PBXGroup;
			children = (
				252D727424D84AEF0069541F /* Binding.swift */,
				938B13BA2497E59B00AA8E3B /* Context.swift */,
				935278E9249954F500AB9D1F /* DynamicObject.swift */,
				935278E7249952DE00AB9D1F /* Expression.swift */,
				252D727824D8AE850069541F /* Literal.swift */,
				257FC9FA24DDB74300F2157C /* Operation.swift */,
				93BFE329249E2E34009838CE /* Parser.swift */,
				938B13BE2497E6A700AA8E3B /* Path.swift */,
				257FC9F824DCA75300F2157C /* Value.swift */,
				935278EB249956C200AB9D1F /* Tests */,
			);
			path = ContextExpression;
			sourceTree = "<group>";
		};
		935278EB249956C200AB9D1F /* Tests */ = {
			isa = PBXGroup;
			children = (
				3DE08EC324F03C1A00CFDC36 /* __Snapshots__ */,
				935278EC249956DC00AB9D1F /* ExpressionTests.swift */,
				93BFE32B249E9FBD009838CE /* PathTests.swift */,
			);
			path = Tests;
			sourceTree = "<group>";
		};
		938B13BC2497E5F500AA8E3B /* Common */ = {
			isa = PBXGroup;
			children = (
				938B13C52497EC6200AA8E3B /* Collection+Safe.swift */,
				938B13C32497EB5E00AA8E3B /* String+RegularExpression.swift */,
				9885564624C612A100D9818F /* FunctionBuilders.swift */,
			);
			path = Common;
			sourceTree = "<group>";
		};
		98E49741249CFDE70053DB87 /* TextInput */ = {
			isa = PBXGroup;
			children = (
				98E4974F249ED5760053DB87 /* Tests */,
				98E49742249CFE180053DB87 /* TextInput.swift */,
			);
			path = TextInput;
			sourceTree = "<group>";
		};
		98E4974C249ED1BA0053DB87 /* JSON */ = {
			isa = PBXGroup;
			children = (
				98E4974D249ED5670053DB87 /* TextInputComponent.json */,
			);
			path = JSON;
			sourceTree = "<group>";
		};
		98E4974F249ED5760053DB87 /* Tests */ = {
			isa = PBXGroup;
			children = (
				9302EE7424A28F5500E84A44 /* __Snapshots__ */,
				98E4974C249ED1BA0053DB87 /* JSON */,
				98E49750249ED5A00053DB87 /* TextInputTests.swift */,
			);
			path = Tests;
			sourceTree = "<group>";
		};
		98FDE08F24AB693700C411F8 /* Tests */ = {
			isa = PBXGroup;
			children = (
				98FDE08D24AA6AD900C411F8 /* BeagleSchemaTestsComponent.swift */,
			);
			path = Tests;
			sourceTree = "<group>";
		};
		C0291895247EDF6500C3AA13 /* Tests */ = {
			isa = PBXGroup;
			children = (
				C029189F247EE2BF00C3AA13 /* CustomPageIndicator.swift */,
				C0291897247EDF8500C3AA13 /* PageIndicatorTests.swift */,
				C029189E247EE1A300C3AA13 /* __Snapshots__ */,
				C0291896247EDF6D00C3AA13 /* JSON */,
			);
			path = Tests;
			sourceTree = "<group>";
		};
		C0291896247EDF6D00C3AA13 /* JSON */ = {
			isa = PBXGroup;
			children = (
				C029189C247EE03200C3AA13 /* PageViewWithCustomIndicator.json */,
				C0291899247EE02200C3AA13 /* CustomPageIndicator.json */,
			);
			path = JSON;
			sourceTree = "<group>";
		};
		C08D4DD52481A1A400AAAC0A /* ScreenComponent */ = {
			isa = PBXGroup;
			children = (
				C864D248247C240200E7A1F9 /* ScreenComponent.swift */,
			);
			path = ScreenComponent;
			sourceTree = "<group>";
		};
		C08D4EE9248A7C1600AAAC0A /* Tests */ = {
			isa = PBXGroup;
			children = (
				C08D4EEA248A7C1600AAAC0A /* WidgetTests.swift */,
				C08D4EF5248A7C5900AAAC0A /* __Snapshots__ */,
				C08D4EEB248A7C1600AAAC0A /* JSON */,
			);
			path = Tests;
			sourceTree = "<group>";
		};
		C08D4EEB248A7C1600AAAC0A /* JSON */ = {
			isa = PBXGroup;
			children = (
				C08D4EEC248A7C1600AAAC0A /* widgetWithAllAttributes.json */,
			);
			path = JSON;
			sourceTree = "<group>";
		};
		C0FBBD0D2475803900B72A9B = {
			isa = PBXGroup;
			children = (
				C8EAC4F1247C2760003089BE /* Info.plist */,
				C8EAC4F2247C2760003089BE /* Schema.h */,
				C0FBBD3124759EDD00B72A9B /* Frameworks */,
				C864D21B247C240200E7A1F9 /* Sources */,
				C864D2EA247C245B00E7A1F9 /* Tests */,
			);
			sourceTree = "<group>";
		};
		C0FBBD182475803900B72A9B /* Products */ = {
			isa = PBXGroup;
			children = (
				C0FBBD172475803900B72A9B /* BeagleSchema.framework */,
				C0FBBD202475803900B72A9B /* BeagleSchemaTests.xctest */,
			);
			name = Products;
			path = ..;
			sourceTree = "<group>";
		};
		C0FBBD3124759EDD00B72A9B /* Frameworks */ = {
			isa = PBXGroup;
			children = (
				C838415D24A4483400EDD344 /* SnapshotTesting.framework */,
			);
			name = Frameworks;
			sourceTree = "<group>";
		};
		C864D21B247C240200E7A1F9 /* Sources */ = {
			isa = PBXGroup;
			children = (
				C08D4EC02488259D00AAAC0A /* Schema.swift */,
				C864D27F247C240200E7A1F9 /* Action */,
				C864D24A247C240200E7A1F9 /* CodeGeneration */,
				938B13BC2497E5F500AA8E3B /* Common */,
				935278E62499529C00AB9D1F /* ContextExpression */,
				C864D256247C240200E7A1F9 /* Decoding */,
				C8E530BD24B4EE2A0045C048 /* Deprecated */,
				C864D21C247C240200E7A1F9 /* ServerDrivenComponent */,
				C864D25E247C240200E7A1F9 /* Widgets */,
			);
			path = Sources;
			sourceTree = "<group>";
		};
		C864D21C247C240200E7A1F9 /* ServerDrivenComponent */ = {
			isa = PBXGroup;
			children = (
				7C5E3D3424C08F2B009E5A3C /* PageIndicator */,
				C864D249247C240200E7A1F9 /* RawComponent.swift */,
				C864D21D247C240200E7A1F9 /* Form */,
				C8EBCC25247C3002002030CC /* Lazy */,
				C8EBCC32247C300E002030CC /* ListView */,
				C8EBCC53247C3026002030CC /* PageView */,
				C864D243247C240200E7A1F9 /* Screen */,
				C8EBCC67247C3032002030CC /* Scroll */,
				7CC2D9AF24C6143B0059D5F9 /* TabBar */,
				C8EBCC74247C3041002030CC /* TabView */,
				C864D23A247C240200E7A1F9 /* Touchable */,
				C864D231247C240200E7A1F9 /* WebView */,
				98FDE08F24AB693700C411F8 /* Tests */,
			);
			path = ServerDrivenComponent;
			sourceTree = "<group>";
		};
		C864D21D247C240200E7A1F9 /* Form */ = {
			isa = PBXGroup;
			children = (
				C864D230247C240200E7A1F9 /* Form.swift */,
				C864D222247C240200E7A1F9 /* Input */,
				C864D21E247C240200E7A1F9 /* Submit */,
				C864D229247C240200E7A1F9 /* Tests */,
			);
			path = Form;
			sourceTree = "<group>";
		};
		C864D21E247C240200E7A1F9 /* Submit */ = {
			isa = PBXGroup;
			children = (
				C864D21F247C240200E7A1F9 /* Tests */,
				C864D221247C240200E7A1F9 /* FormSubmit.swift */,
			);
			path = Submit;
			sourceTree = "<group>";
		};
		C864D21F247C240200E7A1F9 /* Tests */ = {
			isa = PBXGroup;
			children = (
				C864D220247C240200E7A1F9 /* FormSubmitTests.swift */,
			);
			path = Tests;
			sourceTree = "<group>";
		};
		C864D222247C240200E7A1F9 /* Input */ = {
			isa = PBXGroup;
			children = (
				C864D228247C240200E7A1F9 /* FormInputComponent.swift */,
				C864D224247C240200E7A1F9 /* FormInput.swift */,
				C864D226247C240200E7A1F9 /* Tests */,
			);
			path = Input;
			sourceTree = "<group>";
		};
		C864D226247C240200E7A1F9 /* Tests */ = {
			isa = PBXGroup;
			children = (
				C864D227247C240200E7A1F9 /* FormInputTests.swift */,
			);
			path = Tests;
			sourceTree = "<group>";
		};
		C864D229247C240200E7A1F9 /* Tests */ = {
			isa = PBXGroup;
			children = (
				C864D2FA247C25B300E7A1F9 /* __Snapshots__ */,
				C864D22A247C240200E7A1F9 /* FormTests.swift */,
				C864D22B247C240200E7A1F9 /* JSON */,
			);
			path = Tests;
			sourceTree = "<group>";
		};
		C864D22B247C240200E7A1F9 /* JSON */ = {
			isa = PBXGroup;
			children = (
				C864D22C247C240200E7A1F9 /* formComponent.json */,
			);
			path = JSON;
			sourceTree = "<group>";
		};
		C864D231247C240200E7A1F9 /* WebView */ = {
			isa = PBXGroup;
			children = (
				C864D239247C240200E7A1F9 /* WebView.swift */,
				C864D232247C240200E7A1F9 /* Tests */,
			);
			path = WebView;
			sourceTree = "<group>";
		};
		C864D232247C240200E7A1F9 /* Tests */ = {
			isa = PBXGroup;
			children = (
				C864D2F8247C259100E7A1F9 /* __Snapshots__ */,
				C864D233247C240200E7A1F9 /* WebViewTests.swift */,
				C864D234247C240200E7A1F9 /* JSON */,
			);
			path = Tests;
			sourceTree = "<group>";
		};
		C864D234247C240200E7A1F9 /* JSON */ = {
			isa = PBXGroup;
			children = (
				C864D235247C240200E7A1F9 /* WebView.json */,
			);
			path = JSON;
			sourceTree = "<group>";
		};
		C864D23A247C240200E7A1F9 /* Touchable */ = {
			isa = PBXGroup;
			children = (
				C864D23B247C240200E7A1F9 /* Touchable.swift */,
				C864D23C247C240200E7A1F9 /* Tests */,
			);
			path = Touchable;
			sourceTree = "<group>";
		};
		C864D23C247C240200E7A1F9 /* Tests */ = {
			isa = PBXGroup;
			children = (
				C864D23D247C240200E7A1F9 /* TouchableTests.swift */,
				C864D23E247C240200E7A1F9 /* Json */,
			);
			path = Tests;
			sourceTree = "<group>";
		};
		C864D23E247C240200E7A1F9 /* Json */ = {
			isa = PBXGroup;
			children = (
				C864D23F247C240200E7A1F9 /* TouchableDecoderTest.json */,
			);
			path = Json;
			sourceTree = "<group>";
		};
		C864D243247C240200E7A1F9 /* Screen */ = {
			isa = PBXGroup;
			children = (
				C864D245247C240200E7A1F9 /* NavigationBar.swift */,
				C864D244247C240200E7A1F9 /* SafeArea.swift */,
				C864D246247C240200E7A1F9 /* Screen.swift */,
				C08D4DD52481A1A400AAAC0A /* ScreenComponent */,
			);
			path = Screen;
			sourceTree = "<group>";
		};
		C864D24A247C240200E7A1F9 /* CodeGeneration */ = {
			isa = PBXGroup;
			children = (
				C864D24E247C240200E7A1F9 /* SourceryProtocols.swift */,
				C864D24B247C240200E7A1F9 /* Generated */,
			);
			path = CodeGeneration;
			sourceTree = "<group>";
		};
		C864D24B247C240200E7A1F9 /* Generated */ = {
			isa = PBXGroup;
			children = (
				C864D24C247C240200E7A1F9 /* Equality.generated.swift */,
				C864D24D247C240200E7A1F9 /* AutoDecodable.generated.swift */,
			);
			path = Generated;
			sourceTree = "<group>";
		};
		C864D256247C240200E7A1F9 /* Decoding */ = {
			isa = PBXGroup;
			children = (
				C864D25D247C240200E7A1F9 /* AnyDecodableContainer.swift */,
				C864D25C247C240200E7A1F9 /* ComponentDecoder.swift */,
				C864D257247C240200E7A1F9 /* Tests */,
			);
			path = Decoding;
			sourceTree = "<group>";
		};
		C864D257247C240200E7A1F9 /* Tests */ = {
			isa = PBXGroup;
			children = (
				C8EAC505247C2A3D003089BE /* __Snapshots__ */,
				C864D258247C240200E7A1F9 /* ComponentDecoderTests.swift */,
			);
			path = Tests;
			sourceTree = "<group>";
		};
		C864D25E247C240200E7A1F9 /* Widgets */ = {
			isa = PBXGroup;
			children = (
				6EB3368324A52AF2000A9D17 /* SimpleForm */,
				C864D2A0247C240200E7A1F9 /* RawWidget.swift */,
				C864D274247C240200E7A1F9 /* Button */,
				C864D26B247C240200E7A1F9 /* Container */,
				C864D261247C240200E7A1F9 /* Image */,
				C08D4EE9248A7C1600AAAC0A /* Tests */,
				C864D297247C240200E7A1F9 /* Text */,
				98E49741249CFDE70053DB87 /* TextInput */,
				C864D27C247C240200E7A1F9 /* WidgetProperties */,
			);
			path = Widgets;
			sourceTree = "<group>";
		};
		C864D261247C240200E7A1F9 /* Image */ = {
			isa = PBXGroup;
			children = (
				C864D269247C240200E7A1F9 /* Image.swift */,
				C864D26A247C240200E7A1F9 /* ImageContentMode.swift */,
				C864D262247C240200E7A1F9 /* Tests */,
			);
			path = Image;
			sourceTree = "<group>";
		};
		C864D262247C240200E7A1F9 /* Tests */ = {
			isa = PBXGroup;
			children = (
				C8EAC4F7247C2835003089BE /* __Snapshots__ */,
				C864D263247C240200E7A1F9 /* ImageTests.swift */,
				C864D264247C240200E7A1F9 /* JSON */,
			);
			path = Tests;
			sourceTree = "<group>";
		};
		C864D264247C240200E7A1F9 /* JSON */ = {
			isa = PBXGroup;
			children = (
				C864D265247C240200E7A1F9 /* ImageComponent.json */,
			);
			path = JSON;
			sourceTree = "<group>";
		};
		C864D26B247C240200E7A1F9 /* Container */ = {
			isa = PBXGroup;
			children = (
				C864D273247C240200E7A1F9 /* Container.swift */,
				C864D26C247C240200E7A1F9 /* Tests */,
			);
			path = Container;
			sourceTree = "<group>";
		};
		C864D26C247C240200E7A1F9 /* Tests */ = {
			isa = PBXGroup;
			children = (
				C8EAC4FB247C2883003089BE /* __Snapshots__ */,
				C864D26F247C240200E7A1F9 /* ContainerTests.swift */,
				C864D26D247C240200E7A1F9 /* JSON */,
			);
			path = Tests;
			sourceTree = "<group>";
		};
		C864D26D247C240200E7A1F9 /* JSON */ = {
			isa = PBXGroup;
			children = (
				C864D26E247C240200E7A1F9 /* Container.json */,
			);
			path = JSON;
			sourceTree = "<group>";
		};
		C864D274247C240200E7A1F9 /* Button */ = {
			isa = PBXGroup;
			children = (
				C864D278247C240200E7A1F9 /* Button.swift */,
				C8EAC4FE247C28BF003089BE /* Tests */,
			);
			path = Button;
			sourceTree = "<group>";
		};
		C864D276247C240200E7A1F9 /* Json */ = {
			isa = PBXGroup;
			children = (
				570434EC24A6753000DAD0D3 /* buttonComponent.json */,
			);
			path = Json;
			sourceTree = "<group>";
		};
		C864D27C247C240200E7A1F9 /* WidgetProperties */ = {
			isa = PBXGroup;
			children = (
				C89E0C482492AFEB00005FCF /* Style */,
				C864D28D247C240200E7A1F9 /* Accessibility */,
				C864D28F247C240200E7A1F9 /* Flex */,
				C864D294247C240200E7A1F9 /* Analytics */,
			);
			path = WidgetProperties;
			sourceTree = "<group>";
		};
		C864D27F247C240200E7A1F9 /* Action */ = {
			isa = PBXGroup;
			children = (
				C864D28C247C240200E7A1F9 /* RawAction.swift */,
				C8BB30B924870422002DD3C1 /* Types */,
			);
			path = Action;
			sourceTree = "<group>";
		};
		C864D281247C240200E7A1F9 /* Navigate */ = {
			isa = PBXGroup;
			children = (
				C864D283247C240200E7A1F9 /* Navigate.swift */,
				C8BB30A22486FCE9002DD3C1 /* Tests */,
			);
			path = Navigate;
			sourceTree = "<group>";
		};
		C864D28D247C240200E7A1F9 /* Accessibility */ = {
			isa = PBXGroup;
			children = (
				C864D28E247C240200E7A1F9 /* Accessibility.swift */,
			);
			path = Accessibility;
			sourceTree = "<group>";
		};
		C864D28F247C240200E7A1F9 /* Flex */ = {
			isa = PBXGroup;
			children = (
				C864D290247C240200E7A1F9 /* UnitValue.swift */,
				C864D291247C240200E7A1F9 /* EdgeValue.swift */,
				C864D292247C240200E7A1F9 /* Size.swift */,
				C864D293247C240200E7A1F9 /* Flex.swift */,
			);
			path = Flex;
			sourceTree = "<group>";
		};
		C864D294247C240200E7A1F9 /* Analytics */ = {
			isa = PBXGroup;
			children = (
				C864D295247C240200E7A1F9 /* AnalyticsModels.swift */,
				C864D296247C240200E7A1F9 /* Events.swift */,
			);
			path = Analytics;
			sourceTree = "<group>";
		};
		C864D297247C240200E7A1F9 /* Text */ = {
			isa = PBXGroup;
			children = (
				C864D29F247C240200E7A1F9 /* Text.swift */,
				C864D298247C240200E7A1F9 /* Tests */,
			);
			path = Text;
			sourceTree = "<group>";
		};
		C864D298247C240200E7A1F9 /* Tests */ = {
			isa = PBXGroup;
			children = (
				C8EAC501247C2930003089BE /* __Snapshots__ */,
				C864D299247C240200E7A1F9 /* TextTests.swift */,
				C864D29A247C240200E7A1F9 /* Json */,
			);
			path = Tests;
			sourceTree = "<group>";
		};
		C864D29A247C240200E7A1F9 /* Json */ = {
			isa = PBXGroup;
			children = (
				C864D29B247C240200E7A1F9 /* TextComponent.json */,
			);
			path = Json;
			sourceTree = "<group>";
		};
		C864D2EA247C245B00E7A1F9 /* Tests */ = {
			isa = PBXGroup;
			children = (
				C0FBBD182475803900B72A9B /* Products */,
				C864D2EC247C245B00E7A1F9 /* Helpers */,
				C864D2EE247C245B00E7A1F9 /* Info.plist */,
			);
			path = Tests;
			sourceTree = "<group>";
		};
		C864D2EC247C245B00E7A1F9 /* Helpers */ = {
			isa = PBXGroup;
			children = (
				C864D2ED247C245B00E7A1F9 /* ComponentFromJsonFile.swift */,
			);
			path = Helpers;
			sourceTree = "<group>";
		};
		C89E0C482492AFEB00005FCF /* Style */ = {
			isa = PBXGroup;
			children = (
				C89E0C492492AFEB00005FCF /* Style.swift */,
			);
			path = Style;
			sourceTree = "<group>";
		};
		C8BB30A22486FCE9002DD3C1 /* Tests */ = {
			isa = PBXGroup;
			children = (
				3D775A4624F933D400BBECCE /* __Snapshots__ */,
				C8BB30A32486FD17002DD3C1 /* NavigateTests.swift */,
				C8BB30AF2486FDB1002DD3C1 /* Json */,
			);
			path = Tests;
			sourceTree = "<group>";
		};
		C8BB30AF2486FDB1002DD3C1 /* Json */ = {
			isa = PBXGroup;
			children = (
				C8BB30A72486FDB1002DD3C1 /* opennativeroute.json */,
				C8BB30AC2486FDB1002DD3C1 /* pushview.json */,
			);
			path = Json;
			sourceTree = "<group>";
		};
		C8BB30B924870422002DD3C1 /* Types */ = {
			isa = PBXGroup;
			children = (
				93A2EE1724EC47C90085B3CF /* AddChildren.swift */,
				98E18D11249BE249009D6A54 /* Alert.swift */,
				25C762A72511007100AB4D33 /* Condition.swift */,
				98E18D13249BE255009D6A54 /* Confirm.swift */,
				C864D28B247C240200E7A1F9 /* FormLocalAction.swift */,
				C864D287247C240200E7A1F9 /* FormRemoteAction.swift */,
				C864D289247C240200E7A1F9 /* FormValidation.swift */,
				7685B040249A852A007EDED0 /* SendRequest.swift */,
				938B13B62497E33100AA8E3B /* SetContext.swift */,
				6EB3368124A52AB5000A9D17 /* SubmitForm.swift */,
				C864D281247C240200E7A1F9 /* Navigate */,
			);
			path = Types;
			sourceTree = "<group>";
		};
		C8E530BD24B4EE2A0045C048 /* Deprecated */ = {
			isa = PBXGroup;
			children = (
				C8E530BE24B4EE570045C048 /* Deprecated.swift */,
			);
			path = Deprecated;
			sourceTree = "<group>";
		};
		C8EAC4FE247C28BF003089BE /* Tests */ = {
			isa = PBXGroup;
			children = (
				C8EAC4FF247C28DC003089BE /* __Snapshots__ */,
				C864D276247C240200E7A1F9 /* Json */,
				C864D275247C240200E7A1F9 /* ButtonTests.swift */,
			);
			path = Tests;
			sourceTree = "<group>";
		};
		C8EBCC25247C3002002030CC /* Lazy */ = {
			isa = PBXGroup;
			children = (
				C8EBCC2D247C3002002030CC /* LazyComponent.swift */,
				C8EBCC26247C3002002030CC /* Tests */,
			);
			path = Lazy;
			sourceTree = "<group>";
		};
		C8EBCC26247C3002002030CC /* Tests */ = {
			isa = PBXGroup;
			children = (
				C8EBCC27247C3002002030CC /* LazyComponentTests.swift */,
				C8EBCC28247C3002002030CC /* Json */,
			);
			path = Tests;
			sourceTree = "<group>";
		};
		C8EBCC28247C3002002030CC /* Json */ = {
			isa = PBXGroup;
			children = (
				C8EBCC29247C3002002030CC /* lazyComponent.json */,
			);
			path = Json;
			sourceTree = "<group>";
		};
		C8EBCC32247C300E002030CC /* ListView */ = {
			isa = PBXGroup;
			children = (
				C8EBCC33247C300E002030CC /* ListView.swift */,
				C8EBCC34247C300E002030CC /* Tests */,
			);
			path = ListView;
			sourceTree = "<group>";
		};
		C8EBCC34247C300E002030CC /* Tests */ = {
			isa = PBXGroup;
			children = (
				C8EBCC35247C300E002030CC /* ListViewTests.swift */,
				C8EBCC36247C300E002030CC /* JSON */,
			);
			path = Tests;
			sourceTree = "<group>";
		};
		C8EBCC36247C300E002030CC /* JSON */ = {
			isa = PBXGroup;
			children = (
				C8EBCC37247C300E002030CC /* listViewComponent.json */,
			);
			path = JSON;
			sourceTree = "<group>";
		};
		C8EBCC53247C3026002030CC /* PageView */ = {
			isa = PBXGroup;
			children = (
				C8EBCC5F247C3026002030CC /* PageView.swift */,
				C8EBCC56247C3026002030CC /* Tests */,
			);
			path = PageView;
			sourceTree = "<group>";
		};
		C8EBCC54247C3026002030CC /* Indicator */ = {
			isa = PBXGroup;
			children = (
				C8EBCC55247C3026002030CC /* PageIndicator.swift */,
				C0291895247EDF6500C3AA13 /* Tests */,
			);
			path = Indicator;
			sourceTree = "<group>";
		};
		C8EBCC56247C3026002030CC /* Tests */ = {
			isa = PBXGroup;
			children = (
				C8EBCC57247C3026002030CC /* PageViewTests.swift */,
				C8EBCC58247C3026002030CC /* Json */,
			);
			path = Tests;
			sourceTree = "<group>";
		};
		C8EBCC58247C3026002030CC /* Json */ = {
			isa = PBXGroup;
			children = (
				C8EBCC59247C3026002030CC /* PageViewWith3PagesAndIndicator.json */,
				C8EBCC5A247C3026002030CC /* PageViewWith3Pages.json */,
			);
			path = Json;
			sourceTree = "<group>";
		};
		C8EBCC67247C3032002030CC /* Scroll */ = {
			isa = PBXGroup;
			children = (
				C8EBCC6F247C3032002030CC /* ScrollView.swift */,
				C8EBCC68247C3032002030CC /* Tests */,
			);
			path = Scroll;
			sourceTree = "<group>";
		};
		C8EBCC68247C3032002030CC /* Tests */ = {
			isa = PBXGroup;
			children = (
				C8EBCC6B247C3032002030CC /* ScrollViewTests.swift */,
				C8EBCC69247C3032002030CC /* JSON */,
			);
			path = Tests;
			sourceTree = "<group>";
		};
		C8EBCC69247C3032002030CC /* JSON */ = {
			isa = PBXGroup;
			children = (
				C8EBCC6A247C3032002030CC /* ScrollViewComponent.json */,
			);
			path = JSON;
			sourceTree = "<group>";
		};
		C8EBCC74247C3041002030CC /* TabView */ = {
			isa = PBXGroup;
			children = (
				C8EBCC7C247C3041002030CC /* TabView.swift */,
				C8EBCC75247C3041002030CC /* Tests */,
			);
			path = TabView;
			sourceTree = "<group>";
		};
		C8EBCC75247C3041002030CC /* Tests */ = {
			isa = PBXGroup;
			children = (
				C8EBCC90247C3126002030CC /* __Snapshots__ */,
				C8EBCC76247C3041002030CC /* TabViewTests.swift */,
				C8EBCC77247C3041002030CC /* JSON */,
			);
			path = Tests;
			sourceTree = "<group>";
		};
		C8EBCC77247C3041002030CC /* JSON */ = {
			isa = PBXGroup;
			children = (
				C8EBCC78247C3041002030CC /* TabView.json */,
			);
			path = JSON;
			sourceTree = "<group>";
		};
/* End PBXGroup section */

/* Begin PBXHeadersBuildPhase section */
		C0FBBD122475803900B72A9B /* Headers */ = {
			isa = PBXHeadersBuildPhase;
			buildActionMask = 2147483647;
			files = (
				C8EAC4F4247C27FA003089BE /* Schema.h in Headers */,
			);
			runOnlyForDeploymentPostprocessing = 0;
		};
/* End PBXHeadersBuildPhase section */

/* Begin PBXNativeTarget section */
		C0FBBD162475803900B72A9B /* BeagleSchema */ = {
			isa = PBXNativeTarget;
			buildConfigurationList = C0FBBD2B2475803900B72A9B /* Build configuration list for PBXNativeTarget "BeagleSchema" */;
			buildPhases = (
				C0FBBD122475803900B72A9B /* Headers */,
				C0FBBE1A2475CA4E00B72A9B /* Sourcery Run Script */,
				C0FBBD132475803900B72A9B /* Sources */,
				C0FBBD142475803900B72A9B /* Frameworks */,
				C0FBBD152475803900B72A9B /* Resources */,
				C02918A3247EF8AC00C3AA13 /* SwiftLint Run Script */,
			);
			buildRules = (
			);
			dependencies = (
			);
			name = BeagleSchema;
			packageProductDependencies = (
			);
			productName = Components;
			productReference = C0FBBD172475803900B72A9B /* BeagleSchema.framework */;
			productType = "com.apple.product-type.framework";
		};
		C0FBBD1F2475803900B72A9B /* BeagleSchemaTests */ = {
			isa = PBXNativeTarget;
			buildConfigurationList = C0FBBD2E2475803900B72A9B /* Build configuration list for PBXNativeTarget "BeagleSchemaTests" */;
			buildPhases = (
				C0FBBD1C2475803900B72A9B /* Sources */,
				C0FBBD1D2475803900B72A9B /* Frameworks */,
				C0FBBD1E2475803900B72A9B /* Resources */,
			);
			buildRules = (
			);
			dependencies = (
				C0FBBD232475803900B72A9B /* PBXTargetDependency */,
			);
			name = BeagleSchemaTests;
			packageProductDependencies = (
				933078E724AE4C8D009D92F2 /* SnapshotTesting */,
			);
			productName = ComponentsTests;
			productReference = C0FBBD202475803900B72A9B /* BeagleSchemaTests.xctest */;
			productType = "com.apple.product-type.bundle.unit-test";
		};
/* End PBXNativeTarget section */

/* Begin PBXProject section */
		C0FBBD0E2475803900B72A9B /* Project object */ = {
			isa = PBXProject;
			attributes = {
				LastSwiftUpdateCheck = 1130;
				LastUpgradeCheck = 1130;
				ORGANIZATIONNAME = Zup;
				TargetAttributes = {
					C0FBBD162475803900B72A9B = {
						CreatedOnToolsVersion = 11.3.1;
						LastSwiftMigration = 1130;
					};
					C0FBBD1F2475803900B72A9B = {
						CreatedOnToolsVersion = 11.3.1;
					};
				};
			};
			buildConfigurationList = C0FBBD112475803900B72A9B /* Build configuration list for PBXProject "BeagleSchema" */;
			compatibilityVersion = "Xcode 9.3";
			developmentRegion = en;
			hasScannedForEncodings = 0;
			knownRegions = (
				en,
				Base,
			);
			mainGroup = C0FBBD0D2475803900B72A9B;
			packageReferences = (
				933078E424AE4BD7009D92F2 /* XCRemoteSwiftPackageReference "swift-snapshot-testing" */,
			);
			productRefGroup = C0FBBD182475803900B72A9B /* Products */;
			projectDirPath = "";
			projectRoot = "";
			targets = (
				C0FBBD162475803900B72A9B /* BeagleSchema */,
				C0FBBD1F2475803900B72A9B /* BeagleSchemaTests */,
			);
		};
/* End PBXProject section */

/* Begin PBXResourcesBuildPhase section */
		C0FBBD152475803900B72A9B /* Resources */ = {
			isa = PBXResourcesBuildPhase;
			buildActionMask = 2147483647;
			files = (
				25CDD46B24E7315E00CC49CB /* __Snapshots__ in Resources */,
				C029189A247EE02200C3AA13 /* CustomPageIndicator.json in Resources */,
			);
			runOnlyForDeploymentPostprocessing = 0;
		};
		C0FBBD1E2475803900B72A9B /* Resources */ = {
			isa = PBXResourcesBuildPhase;
			buildActionMask = 2147483647;
			files = (
				C08D4EF4248A7C2E00AAAC0A /* widgetWithAllAttributes.json in Resources */,
				570434EE24A675AE00DAD0D3 /* buttonComponent.json in Resources */,
				C8EAC503247C2A09003089BE /* formComponent.json in Resources */,
				C8EAC4F9247C284A003089BE /* Container.json in Resources */,
				C8EBCC83247C308B002030CC /* lazyComponent.json in Resources */,
				6E71540924B3A7860025B850 /* simpleFormComponent.json in Resources */,
				C8EBCC88247C30C9002030CC /* PageViewWith3PagesAndIndicator.json in Resources */,
				C8EBCC8F247C3116002030CC /* TabView.json in Resources */,
				C864D2FE247C25D900E7A1F9 /* TouchableDecoderTest.json in Resources */,
				C8EAC4FA247C2851003089BE /* ImageComponent.json in Resources */,
				C8BB30B12486FDC2002DD3C1 /* opennativeroute.json in Resources */,
				C864D2F7247C257C00E7A1F9 /* WebView.json in Resources */,
				C029189D247EE03200C3AA13 /* PageViewWithCustomIndicator.json in Resources */,
				C8EAC500247C2920003089BE /* TextComponent.json in Resources */,
				C8BB30B62486FDC2002DD3C1 /* pushview.json in Resources */,
				C029189B247EE02200C3AA13 /* CustomPageIndicator.json in Resources */,
				C8EBCC85247C3094002030CC /* listViewComponent.json in Resources */,
				C8EBCC8C247C30EE002030CC /* ScrollViewComponent.json in Resources */,
				C8EBCC89247C30C9002030CC /* PageViewWith3Pages.json in Resources */,
				98E4974E249ED5670053DB87 /* TextInputComponent.json in Resources */,
				7C7B249924C79858005A4D3D /* TabBar.json in Resources */,
			);
			runOnlyForDeploymentPostprocessing = 0;
		};
/* End PBXResourcesBuildPhase section */

/* Begin PBXShellScriptBuildPhase section */
		C02918A3247EF8AC00C3AA13 /* SwiftLint Run Script */ = {
			isa = PBXShellScriptBuildPhase;
			buildActionMask = 2147483647;
			files = (
			);
			inputFileListPaths = (
			);
			inputPaths = (
			);
			name = "SwiftLint Run Script";
			outputFileListPaths = (
			);
			outputPaths = (
			);
			runOnlyForDeploymentPostprocessing = 0;
			shellPath = /bin/sh;
			shellScript = "if which swiftlint >/dev/null; then\nswiftlint\nelse\necho \"warning: SwiftLint not installed, download from https://github.com/realm/SwiftLint\"\nfi\n";
		};
		C0FBBE1A2475CA4E00B72A9B /* Sourcery Run Script */ = {
			isa = PBXShellScriptBuildPhase;
			buildActionMask = 2147483647;
			files = (
			);
			inputFileListPaths = (
			);
			inputPaths = (
			);
			name = "Sourcery Run Script";
			outputFileListPaths = (
			);
			outputPaths = (
			);
			runOnlyForDeploymentPostprocessing = 0;
			shellPath = /bin/sh;
			shellScript = "# Type a script or drag a script file from your workspace to insert its path.\n../Sources/Beagle/CodeGeneration/sourceryScript.sh\n";
		};
/* End PBXShellScriptBuildPhase section */

/* Begin PBXSourcesBuildPhase section */
		C0FBBD132475803900B72A9B /* Sources */ = {
			isa = PBXSourcesBuildPhase;
			buildActionMask = 2147483647;
			files = (
				252D727924D8AE850069541F /* Literal.swift in Sources */,
				C864D2A7247C240200E7A1F9 /* FormInputComponent.swift in Sources */,
				C864D2E0247C240200E7A1F9 /* Flex.swift in Sources */,
				C864D2DA247C240200E7A1F9 /* FormLocalAction.swift in Sources */,
				7685B041249A852A007EDED0 /* SendRequest.swift in Sources */,
				C864D2CA247C240200E7A1F9 /* Image.swift in Sources */,
				C864D2BB247C240200E7A1F9 /* AutoDecodable.generated.swift in Sources */,
				C89E0C4A2492AFEB00005FCF /* Style.swift in Sources */,
				C864D2C5247C240200E7A1F9 /* AnyDecodableContainer.swift in Sources */,
				C864D2E1247C240200E7A1F9 /* AnalyticsModels.swift in Sources */,
				C864D2B5247C240200E7A1F9 /* NavigationBar.swift in Sources */,
				93BFE32A249E2E34009838CE /* Parser.swift in Sources */,
				C8EBCC31247C3002002030CC /* LazyComponent.swift in Sources */,
				C864D2BC247C240200E7A1F9 /* SourceryProtocols.swift in Sources */,
				938B13B72497E33100AA8E3B /* SetContext.swift in Sources */,
				C864D2DE247C240200E7A1F9 /* EdgeValue.swift in Sources */,
				C864D2CF247C240200E7A1F9 /* Container.swift in Sources */,
				C864D2D9247C240200E7A1F9 /* FormValidation.swift in Sources */,
				C864D2CB247C240200E7A1F9 /* ImageContentMode.swift in Sources */,
				938B13BB2497E59B00AA8E3B /* Context.swift in Sources */,
				252D727524D84AEF0069541F /* Binding.swift in Sources */,
				257FC9F924DCA75300F2157C /* Value.swift in Sources */,
				C864D2B6247C240200E7A1F9 /* Screen.swift in Sources */,
				C864D2E7247C240200E7A1F9 /* RawWidget.swift in Sources */,
				938B13C42497EB5E00AA8E3B /* String+RegularExpression.swift in Sources */,
				C864D2D6247C240200E7A1F9 /* Navigate.swift in Sources */,
				7CC2D9B124C614530059D5F9 /* TabBar.swift in Sources */,
				C864D2B9247C240200E7A1F9 /* RawComponent.swift in Sources */,
				C864D2E6247C240200E7A1F9 /* Text.swift in Sources */,
				C08D4EC12488259D00AAAC0A /* Schema.swift in Sources */,
				C8E530BF24B4EE570045C048 /* Deprecated.swift in Sources */,
				938B13C02497E6A700AA8E3B /* Path.swift in Sources */,
				C864D2B0247C240200E7A1F9 /* Touchable.swift in Sources */,
				93A2EE1824EC47C90085B3CF /* AddChildren.swift in Sources */,
				25C762A82511007100AB4D33 /* Condition.swift in Sources */,
				935278E8249952DE00AB9D1F /* Expression.swift in Sources */,
				C864D2DB247C240200E7A1F9 /* RawAction.swift in Sources */,
				6EB3368724A52BB4000A9D17 /* SimpleForm.swift in Sources */,
				C864D2AB247C240200E7A1F9 /* Form.swift in Sources */,
				C864D2DF247C240200E7A1F9 /* Size.swift in Sources */,
				C864D2DC247C240200E7A1F9 /* Accessibility.swift in Sources */,
				C8EBCC3B247C300E002030CC /* ListView.swift in Sources */,
				C864D2DD247C240200E7A1F9 /* UnitValue.swift in Sources */,
				C8EBCC73247C3033002030CC /* ScrollView.swift in Sources */,
				C864D2B8247C240200E7A1F9 /* ScreenComponent.swift in Sources */,
				C864D2E2247C240200E7A1F9 /* Events.swift in Sources */,
				938B13C62497EC6200AA8E3B /* Collection+Safe.swift in Sources */,
				98E18D14249BE255009D6A54 /* Confirm.swift in Sources */,
				C864D2BA247C240200E7A1F9 /* Equality.generated.swift in Sources */,
				C864D2A4247C240200E7A1F9 /* FormInput.swift in Sources */,
				6EB3368224A52AB5000A9D17 /* SubmitForm.swift in Sources */,
				C8EBCC60247C3027002030CC /* PageIndicator.swift in Sources */,
				257FC9FB24DDB74300F2157C /* Operation.swift in Sources */,
				C864D2D8247C240200E7A1F9 /* FormRemoteAction.swift in Sources */,
				C864D2B4247C240200E7A1F9 /* SafeArea.swift in Sources */,
				C864D2A2247C240200E7A1F9 /* FormSubmit.swift in Sources */,
				C8EBCC66247C3027002030CC /* PageView.swift in Sources */,
				C864D2C4247C240200E7A1F9 /* ComponentDecoder.swift in Sources */,
				9885564724C612A200D9818F /* FunctionBuilders.swift in Sources */,
				98E18D12249BE249009D6A54 /* Alert.swift in Sources */,
				C864D2AF247C240200E7A1F9 /* WebView.swift in Sources */,
				C8EBCC80247C3041002030CC /* TabView.swift in Sources */,
				935278EA249954F500AB9D1F /* DynamicObject.swift in Sources */,
				C864D2D2247C240200E7A1F9 /* Button.swift in Sources */,
				98E49743249CFE180053DB87 /* TextInput.swift in Sources */,
			);
			runOnlyForDeploymentPostprocessing = 0;
		};
		C0FBBD1C2475803900B72A9B /* Sources */ = {
			isa = PBXSourcesBuildPhase;
			buildActionMask = 2147483647;
			files = (
				C8EBCC8B247C30E9002030CC /* ScrollViewTests.swift in Sources */,
				935278ED249956DC00AB9D1F /* ExpressionTests.swift in Sources */,
				C864D2FB247C25C000E7A1F9 /* FormInputTests.swift in Sources */,
				C8EAC4F8247C2844003089BE /* ContainerTests.swift in Sources */,
				98FDE08E24AA6AD900C411F8 /* BeagleSchemaTestsComponent.swift in Sources */,
				C8EBCC84247C3091002030CC /* ListViewTests.swift in Sources */,
				C8EBCC8E247C3112002030CC /* TabViewTests.swift in Sources */,
				98E49751249ED5A00053DB87 /* TextInputTests.swift in Sources */,
				C8EAC4F5247C2808003089BE /* ImageTests.swift in Sources */,
				7C7B249524C7950E005A4D3D /* TabBarTests.swift in Sources */,
				C8EAC4F6247C2811003089BE /* TextTests.swift in Sources */,
				93BFE32C249E9FBD009838CE /* PathTests.swift in Sources */,
				C0291898247EDF8500C3AA13 /* PageIndicatorTests.swift in Sources */,
				C864D2FC247C25C800E7A1F9 /* FormSubmitTests.swift in Sources */,
				C02918A0247EE2BF00C3AA13 /* CustomPageIndicator.swift in Sources */,
				C864D2F9247C259E00E7A1F9 /* FormTests.swift in Sources */,
				C8EAC4FC247C288B003089BE /* ButtonTests.swift in Sources */,
				C8EBCC87247C30C5002030CC /* PageViewTests.swift in Sources */,
				C864D2FD247C25D300E7A1F9 /* TouchableTests.swift in Sources */,
				6E71540324B39EFB0025B850 /* SimpleFormTests.swift in Sources */,
				C864D2F6247C257500E7A1F9 /* WebViewTests.swift in Sources */,
				C8EAC502247C29BC003089BE /* ComponentDecoderTests.swift in Sources */,
				C8BB30A42486FD18002DD3C1 /* NavigateTests.swift in Sources */,
				C864D2F0247C245C00E7A1F9 /* ComponentFromJsonFile.swift in Sources */,
				C8EBCC81247C304D002030CC /* LazyComponentTests.swift in Sources */,
				C08D4EF3248A7C1D00AAAC0A /* WidgetTests.swift in Sources */,
			);
			runOnlyForDeploymentPostprocessing = 0;
		};
/* End PBXSourcesBuildPhase section */

/* Begin PBXTargetDependency section */
		C0FBBD232475803900B72A9B /* PBXTargetDependency */ = {
			isa = PBXTargetDependency;
			target = C0FBBD162475803900B72A9B /* BeagleSchema */;
			targetProxy = C0FBBD222475803900B72A9B /* PBXContainerItemProxy */;
		};
/* End PBXTargetDependency section */

/* Begin XCBuildConfiguration section */
		C0FBBD292475803900B72A9B /* Debug */ = {
			isa = XCBuildConfiguration;
			buildSettings = {
				ALWAYS_SEARCH_USER_PATHS = NO;
				CLANG_ANALYZER_NONNULL = YES;
				CLANG_ANALYZER_NUMBER_OBJECT_CONVERSION = YES_AGGRESSIVE;
				CLANG_CXX_LANGUAGE_STANDARD = "gnu++14";
				CLANG_CXX_LIBRARY = "libc++";
				CLANG_ENABLE_MODULES = YES;
				CLANG_ENABLE_OBJC_ARC = YES;
				CLANG_ENABLE_OBJC_WEAK = YES;
				CLANG_WARN_BLOCK_CAPTURE_AUTORELEASING = YES;
				CLANG_WARN_BOOL_CONVERSION = YES;
				CLANG_WARN_COMMA = YES;
				CLANG_WARN_CONSTANT_CONVERSION = YES;
				CLANG_WARN_DEPRECATED_OBJC_IMPLEMENTATIONS = YES;
				CLANG_WARN_DIRECT_OBJC_ISA_USAGE = YES_ERROR;
				CLANG_WARN_DOCUMENTATION_COMMENTS = YES;
				CLANG_WARN_EMPTY_BODY = YES;
				CLANG_WARN_ENUM_CONVERSION = YES;
				CLANG_WARN_INFINITE_RECURSION = YES;
				CLANG_WARN_INT_CONVERSION = YES;
				CLANG_WARN_NON_LITERAL_NULL_CONVERSION = YES;
				CLANG_WARN_OBJC_IMPLICIT_RETAIN_SELF = YES;
				CLANG_WARN_OBJC_LITERAL_CONVERSION = YES;
				CLANG_WARN_OBJC_ROOT_CLASS = YES_ERROR;
				CLANG_WARN_RANGE_LOOP_ANALYSIS = YES;
				CLANG_WARN_STRICT_PROTOTYPES = YES;
				CLANG_WARN_SUSPICIOUS_MOVE = YES;
				CLANG_WARN_UNGUARDED_AVAILABILITY = YES_AGGRESSIVE;
				CLANG_WARN_UNREACHABLE_CODE = YES;
				CLANG_WARN__DUPLICATE_METHOD_MATCH = YES;
				COPY_PHASE_STRIP = NO;
				CURRENT_PROJECT_VERSION = 1;
				DEBUG_INFORMATION_FORMAT = dwarf;
				ENABLE_STRICT_OBJC_MSGSEND = YES;
				ENABLE_TESTABILITY = YES;
				GCC_C_LANGUAGE_STANDARD = gnu11;
				GCC_DYNAMIC_NO_PIC = NO;
				GCC_NO_COMMON_BLOCKS = YES;
				GCC_OPTIMIZATION_LEVEL = 0;
				GCC_PREPROCESSOR_DEFINITIONS = (
					"DEBUG=1",
					"$(inherited)",
				);
				GCC_WARN_64_TO_32_BIT_CONVERSION = YES;
				GCC_WARN_ABOUT_RETURN_TYPE = YES_ERROR;
				GCC_WARN_UNDECLARED_SELECTOR = YES;
				GCC_WARN_UNINITIALIZED_AUTOS = YES_AGGRESSIVE;
				GCC_WARN_UNUSED_FUNCTION = YES;
				GCC_WARN_UNUSED_VARIABLE = YES;
				IPHONEOS_DEPLOYMENT_TARGET = 10.0;
				MTL_ENABLE_DEBUG_INFO = INCLUDE_SOURCE;
				MTL_FAST_MATH = YES;
				ONLY_ACTIVE_ARCH = YES;
				SDKROOT = iphoneos;
				SWIFT_ACTIVE_COMPILATION_CONDITIONS = DEBUG;
				SWIFT_OPTIMIZATION_LEVEL = "-Onone";
				VERSIONING_SYSTEM = "apple-generic";
				VERSION_INFO_PREFIX = "";
			};
			name = Debug;
		};
		C0FBBD2A2475803900B72A9B /* Release */ = {
			isa = XCBuildConfiguration;
			buildSettings = {
				ALWAYS_SEARCH_USER_PATHS = NO;
				CLANG_ANALYZER_NONNULL = YES;
				CLANG_ANALYZER_NUMBER_OBJECT_CONVERSION = YES_AGGRESSIVE;
				CLANG_CXX_LANGUAGE_STANDARD = "gnu++14";
				CLANG_CXX_LIBRARY = "libc++";
				CLANG_ENABLE_MODULES = YES;
				CLANG_ENABLE_OBJC_ARC = YES;
				CLANG_ENABLE_OBJC_WEAK = YES;
				CLANG_WARN_BLOCK_CAPTURE_AUTORELEASING = YES;
				CLANG_WARN_BOOL_CONVERSION = YES;
				CLANG_WARN_COMMA = YES;
				CLANG_WARN_CONSTANT_CONVERSION = YES;
				CLANG_WARN_DEPRECATED_OBJC_IMPLEMENTATIONS = YES;
				CLANG_WARN_DIRECT_OBJC_ISA_USAGE = YES_ERROR;
				CLANG_WARN_DOCUMENTATION_COMMENTS = YES;
				CLANG_WARN_EMPTY_BODY = YES;
				CLANG_WARN_ENUM_CONVERSION = YES;
				CLANG_WARN_INFINITE_RECURSION = YES;
				CLANG_WARN_INT_CONVERSION = YES;
				CLANG_WARN_NON_LITERAL_NULL_CONVERSION = YES;
				CLANG_WARN_OBJC_IMPLICIT_RETAIN_SELF = YES;
				CLANG_WARN_OBJC_LITERAL_CONVERSION = YES;
				CLANG_WARN_OBJC_ROOT_CLASS = YES_ERROR;
				CLANG_WARN_RANGE_LOOP_ANALYSIS = YES;
				CLANG_WARN_STRICT_PROTOTYPES = YES;
				CLANG_WARN_SUSPICIOUS_MOVE = YES;
				CLANG_WARN_UNGUARDED_AVAILABILITY = YES_AGGRESSIVE;
				CLANG_WARN_UNREACHABLE_CODE = YES;
				CLANG_WARN__DUPLICATE_METHOD_MATCH = YES;
				COPY_PHASE_STRIP = NO;
				CURRENT_PROJECT_VERSION = 1;
				DEBUG_INFORMATION_FORMAT = "dwarf-with-dsym";
				ENABLE_NS_ASSERTIONS = NO;
				ENABLE_STRICT_OBJC_MSGSEND = YES;
				GCC_C_LANGUAGE_STANDARD = gnu11;
				GCC_NO_COMMON_BLOCKS = YES;
				GCC_WARN_64_TO_32_BIT_CONVERSION = YES;
				GCC_WARN_ABOUT_RETURN_TYPE = YES_ERROR;
				GCC_WARN_UNDECLARED_SELECTOR = YES;
				GCC_WARN_UNINITIALIZED_AUTOS = YES_AGGRESSIVE;
				GCC_WARN_UNUSED_FUNCTION = YES;
				GCC_WARN_UNUSED_VARIABLE = YES;
				IPHONEOS_DEPLOYMENT_TARGET = 10.0;
				MTL_ENABLE_DEBUG_INFO = NO;
				MTL_FAST_MATH = YES;
				SDKROOT = iphoneos;
				SWIFT_COMPILATION_MODE = wholemodule;
				SWIFT_OPTIMIZATION_LEVEL = "-O";
				VALIDATE_PRODUCT = YES;
				VERSIONING_SYSTEM = "apple-generic";
				VERSION_INFO_PREFIX = "";
			};
			name = Release;
		};
		C0FBBD2C2475803900B72A9B /* Debug */ = {
			isa = XCBuildConfiguration;
			buildSettings = {
				CLANG_ENABLE_MODULES = YES;
				CODE_SIGN_STYLE = Automatic;
				DEFINES_MODULE = YES;
				DYLIB_COMPATIBILITY_VERSION = 1;
				DYLIB_CURRENT_VERSION = 1;
				DYLIB_INSTALL_NAME_BASE = "@rpath";
				INFOPLIST_FILE = "$(SRCROOT)/Info.plist";
				INSTALL_PATH = "$(LOCAL_LIBRARY_DIR)/Frameworks";
				LD_RUNPATH_SEARCH_PATHS = (
					"$(inherited)",
					"@executable_path/Frameworks",
					"@loader_path/Frameworks",
				);
				PRODUCT_BUNDLE_IDENTIFIER = zup.beagle.Beagle.Schema;
				PRODUCT_NAME = "$(TARGET_NAME:c99extidentifier)";
				SKIP_INSTALL = YES;
				SWIFT_OPTIMIZATION_LEVEL = "-Onone";
				SWIFT_VERSION = 5.0;
				TARGETED_DEVICE_FAMILY = "1,2";
			};
			name = Debug;
		};
		C0FBBD2D2475803900B72A9B /* Release */ = {
			isa = XCBuildConfiguration;
			buildSettings = {
				CLANG_ENABLE_MODULES = YES;
				CODE_SIGN_STYLE = Automatic;
				DEFINES_MODULE = YES;
				DYLIB_COMPATIBILITY_VERSION = 1;
				DYLIB_CURRENT_VERSION = 1;
				DYLIB_INSTALL_NAME_BASE = "@rpath";
				INFOPLIST_FILE = "$(SRCROOT)/Info.plist";
				INSTALL_PATH = "$(LOCAL_LIBRARY_DIR)/Frameworks";
				LD_RUNPATH_SEARCH_PATHS = (
					"$(inherited)",
					"@executable_path/Frameworks",
					"@loader_path/Frameworks",
				);
				PRODUCT_BUNDLE_IDENTIFIER = zup.beagle.Beagle.Schema;
				PRODUCT_NAME = "$(TARGET_NAME:c99extidentifier)";
				SKIP_INSTALL = YES;
				SWIFT_VERSION = 5.0;
				TARGETED_DEVICE_FAMILY = "1,2";
			};
			name = Release;
		};
		C0FBBD2F2475803900B72A9B /* Debug */ = {
			isa = XCBuildConfiguration;
			buildSettings = {
				ALWAYS_EMBED_SWIFT_STANDARD_LIBRARIES = YES;
				CODE_SIGN_STYLE = Automatic;
				INFOPLIST_FILE = Tests/Info.plist;
				IPHONEOS_DEPLOYMENT_TARGET = 11.0;
				LD_RUNPATH_SEARCH_PATHS = (
					"$(inherited)",
					"@executable_path/Frameworks",
					"@loader_path/Frameworks",
				);
				PRODUCT_BUNDLE_IDENTIFIER = zup.beagle.Components.ComponentsTests;
				PRODUCT_NAME = "$(TARGET_NAME)";
				SWIFT_VERSION = 5.0;
				TARGETED_DEVICE_FAMILY = "1,2";
			};
			name = Debug;
		};
		C0FBBD302475803900B72A9B /* Release */ = {
			isa = XCBuildConfiguration;
			buildSettings = {
				ALWAYS_EMBED_SWIFT_STANDARD_LIBRARIES = YES;
				CODE_SIGN_STYLE = Automatic;
				INFOPLIST_FILE = Tests/Info.plist;
				IPHONEOS_DEPLOYMENT_TARGET = 11.0;
				LD_RUNPATH_SEARCH_PATHS = (
					"$(inherited)",
					"@executable_path/Frameworks",
					"@loader_path/Frameworks",
				);
				PRODUCT_BUNDLE_IDENTIFIER = zup.beagle.Components.ComponentsTests;
				PRODUCT_NAME = "$(TARGET_NAME)";
				SWIFT_VERSION = 5.0;
				TARGETED_DEVICE_FAMILY = "1,2";
			};
			name = Release;
		};
/* End XCBuildConfiguration section */

/* Begin XCConfigurationList section */
		C0FBBD112475803900B72A9B /* Build configuration list for PBXProject "BeagleSchema" */ = {
			isa = XCConfigurationList;
			buildConfigurations = (
				C0FBBD292475803900B72A9B /* Debug */,
				C0FBBD2A2475803900B72A9B /* Release */,
			);
			defaultConfigurationIsVisible = 0;
			defaultConfigurationName = Release;
		};
		C0FBBD2B2475803900B72A9B /* Build configuration list for PBXNativeTarget "BeagleSchema" */ = {
			isa = XCConfigurationList;
			buildConfigurations = (
				C0FBBD2C2475803900B72A9B /* Debug */,
				C0FBBD2D2475803900B72A9B /* Release */,
			);
			defaultConfigurationIsVisible = 0;
			defaultConfigurationName = Release;
		};
		C0FBBD2E2475803900B72A9B /* Build configuration list for PBXNativeTarget "BeagleSchemaTests" */ = {
			isa = XCConfigurationList;
			buildConfigurations = (
				C0FBBD2F2475803900B72A9B /* Debug */,
				C0FBBD302475803900B72A9B /* Release */,
			);
			defaultConfigurationIsVisible = 0;
			defaultConfigurationName = Release;
		};
/* End XCConfigurationList section */

/* Begin XCRemoteSwiftPackageReference section */
		933078E424AE4BD7009D92F2 /* XCRemoteSwiftPackageReference "swift-snapshot-testing" */ = {
			isa = XCRemoteSwiftPackageReference;
			repositoryURL = "https://github.com/pointfreeco/swift-snapshot-testing.git";
			requirement = {
				kind = exactVersion;
				version = 1.7.2;
			};
		};
/* End XCRemoteSwiftPackageReference section */

/* Begin XCSwiftPackageProductDependency section */
		933078E724AE4C8D009D92F2 /* SnapshotTesting */ = {
			isa = XCSwiftPackageProductDependency;
			package = 933078E424AE4BD7009D92F2 /* XCRemoteSwiftPackageReference "swift-snapshot-testing" */;
			productName = SnapshotTesting;
		};
/* End XCSwiftPackageProductDependency section */
	};
	rootObject = C0FBBD0E2475803900B72A9B /* Project object */;
}
