// !$*UTF8*$!
{
	archiveVersion = 1;
	classes = {
	};
	objectVersion = 52;
	objects = {

/* Begin PBXBuildFile section */
		2576F469250ACF6C000CDB2A /* NativeViewController.swift in Sources */ = {isa = PBXBuildFile; fileRef = 2576F468250ACF6C000CDB2A /* NativeViewController.swift */; };
		25C762AC251147F800AB4D33 /* ConditionActionScreen.swift in Sources */ = {isa = PBXBuildFile; fileRef = 25C762AB251147F800AB4D33 /* ConditionActionScreen.swift */; };
		3D37850A250FF68800780F92 /* SnapshotTesting in Frameworks */ = {isa = PBXBuildFile; productRef = 3D378509250FF68800780F92 /* SnapshotTesting */; };
		3D37850C250FF6AC00780F92 /* NativeScreenTest.swift in Sources */ = {isa = PBXBuildFile; fileRef = 3D37850B250FF6AC00780F92 /* NativeScreenTest.swift */; };
		6E2C784D2419853A00448728 /* Constants.swift in Sources */ = {isa = PBXBuildFile; fileRef = 6E2C784C2419853A00448728 /* Constants.swift */; };
		6E4EE6C1240E970000624DFB /* ScreenDeepLink.swift in Sources */ = {isa = PBXBuildFile; fileRef = 6E4EE6C0240E970000624DFB /* ScreenDeepLink.swift */; };
		6E4EE6C7240E9C0B00624DFB /* ViewLayoutHelper.swift in Sources */ = {isa = PBXBuildFile; fileRef = 6E4EE6C6240E9C0B00624DFB /* ViewLayoutHelper.swift */; };
		6E8E1CC1249C57300053AD58 /* SimpleForm.swift in Sources */ = {isa = PBXBuildFile; fileRef = 6E8E1CC0249C57300053AD58 /* SimpleForm.swift */; };
		6ED5B09E240464520070CB9D /* BeagleStyle.swift in Sources */ = {isa = PBXBuildFile; fileRef = 6ED5B09D240464520070CB9D /* BeagleStyle.swift */; };
		7685B043249A879F007EDED0 /* SendRequestScreen.swift in Sources */ = {isa = PBXBuildFile; fileRef = 7685B042249A879F007EDED0 /* SendRequestScreen.swift */; };
		932925B22327E0E400A61F01 /* AppDelegate.swift in Sources */ = {isa = PBXBuildFile; fileRef = 932925B12327E0E400A61F01 /* AppDelegate.swift */; };
		932925B92327E0E400A61F01 /* Main.storyboard in Resources */ = {isa = PBXBuildFile; fileRef = 932925B72327E0E400A61F01 /* Main.storyboard */; };
		932925BB2327E0E500A61F01 /* Assets.xcassets in Resources */ = {isa = PBXBuildFile; fileRef = 932925BA2327E0E500A61F01 /* Assets.xcassets */; };
		932925BE2327E0E500A61F01 /* LaunchScreen.storyboard in Resources */ = {isa = PBXBuildFile; fileRef = 932925BC2327E0E500A61F01 /* LaunchScreen.storyboard */; };
		93A2EE1624E57E120085B3CF /* OperationsScreen.swift in Sources */ = {isa = PBXBuildFile; fileRef = 93A2EE1524E57E120085B3CF /* OperationsScreen.swift */; };
		93A2EE1A24EC49E90085B3CF /* AddChildrenScreen.swift in Sources */ = {isa = PBXBuildFile; fileRef = 93A2EE1924EC49E90085B3CF /* AddChildrenScreen.swift */; };
		93D8DC0D248965D10070CB41 /* ComponentInteractionScreen.swift in Sources */ = {isa = PBXBuildFile; fileRef = 93D8DC0C248965D10070CB41 /* ComponentInteractionScreen.swift */; };
		93EAFA4C24083C7B00B73522 /* ListViewScreen.swift in Sources */ = {isa = PBXBuildFile; fileRef = 93EAFA4B24083C7B00B73522 /* ListViewScreen.swift */; };
		98A7F36C23A926C600E88C70 /* TabViewScreen.swift in Sources */ = {isa = PBXBuildFile; fileRef = 98A7F36B23A926C600E88C70 /* TabViewScreen.swift */; };
		98E08D2324228DD200FBD21B /* WebViewScreen.swift in Sources */ = {isa = PBXBuildFile; fileRef = 98E08D2224228DD200FBD21B /* WebViewScreen.swift */; };
		98F3D41124ED770F006DAB05 /* NavigateTypeScreen.swift in Sources */ = {isa = PBXBuildFile; fileRef = 98F3D41024ED770F006DAB05 /* NavigateTypeScreen.swift */; };
		A038C8FD2407073D001164B1 /* FormScreen.swift in Sources */ = {isa = PBXBuildFile; fileRef = A038C8FC2407073D001164B1 /* FormScreen.swift */; };
		A057D59824C9FE1D001F6835 /* ErrorView.swift in Sources */ = {isa = PBXBuildFile; fileRef = A057D59724C9FE1D001F6835 /* ErrorView.swift */; };
		A057D59A24CA1DE7001F6835 /* CustomBeagleNavigationController.swift in Sources */ = {isa = PBXBuildFile; fileRef = A057D59924CA1DE7001F6835 /* CustomBeagleNavigationController.swift */; };
		A0642DC82395A1840028AFF3 /* DeeplinkScreenManager.swift in Sources */ = {isa = PBXBuildFile; fileRef = A0642DC72395A1840028AFF3 /* DeeplinkScreenManager.swift */; };
		A0642DCB23968A020028AFF3 /* MainScreen.swift in Sources */ = {isa = PBXBuildFile; fileRef = A0642DCA23968A020028AFF3 /* MainScreen.swift */; };
		A0642DCD23968B500028AFF3 /* LazyComponentScreen.swift in Sources */ = {isa = PBXBuildFile; fileRef = A0642DCC23968B500028AFF3 /* LazyComponentScreen.swift */; };
		A0642DD12396EC670028AFF3 /* PageViewScreen.swift in Sources */ = {isa = PBXBuildFile; fileRef = A0642DD02396EC670028AFF3 /* PageViewScreen.swift */; };
		C0479F59243282F00040E30C /* AnalyticsMock.swift in Sources */ = {isa = PBXBuildFile; fileRef = C0479F58243282F00040E30C /* AnalyticsMock.swift */; };
		C09F40F7249A8FFE002605EE /* TextContainer.swift in Sources */ = {isa = PBXBuildFile; fileRef = C09F40F6249A8FFE002605EE /* TextContainer.swift */; };
		C09F40FE249AAAEE002605EE /* CustomActionableContainer.swift in Sources */ = {isa = PBXBuildFile; fileRef = C09F40FD249AAAEE002605EE /* CustomActionableContainer.swift */; };
		C09F4100249AAB0F002605EE /* TextContainerWithAction.swift in Sources */ = {isa = PBXBuildFile; fileRef = C09F40FF249AAB0F002605EE /* TextContainerWithAction.swift */; };
		C09F4102249AAC87002605EE /* SingleCustomActionableContainer.swift in Sources */ = {isa = PBXBuildFile; fileRef = C09F4101249AAC87002605EE /* SingleCustomActionableContainer.swift */; };
		C09F4104249AACAB002605EE /* SingleTextContainer.swift in Sources */ = {isa = PBXBuildFile; fileRef = C09F4103249AACAB002605EE /* SingleTextContainer.swift */; };
		C09F4118249BDF26002605EE /* GenerationTests.swift in Sources */ = {isa = PBXBuildFile; fileRef = C09F4108249BD6FD002605EE /* GenerationTests.swift */; };
		C09F411E249BE470002605EE /* TextContainer.json in Resources */ = {isa = PBXBuildFile; fileRef = C09F411C249BE46C002605EE /* TextContainer.json */; };
		C09F4121249BE758002605EE /* ComponentFromJsonFile.swift in Sources */ = {isa = PBXBuildFile; fileRef = C09F4120249BE758002605EE /* ComponentFromJsonFile.swift */; };
		C09F4125249BF652002605EE /* Protocols.swift in Sources */ = {isa = PBXBuildFile; fileRef = C09F4122249BF64B002605EE /* Protocols.swift */; };
		C09F412A249C0683002605EE /* CustomActionableContainer.json in Resources */ = {isa = PBXBuildFile; fileRef = C09F4126249C0683002605EE /* CustomActionableContainer.json */; };
		C09F412B249C0683002605EE /* SingleCustomActionableContainer.json in Resources */ = {isa = PBXBuildFile; fileRef = C09F4127249C0683002605EE /* SingleCustomActionableContainer.json */; };
		C09F412C249C0683002605EE /* SingleTextContainer.json in Resources */ = {isa = PBXBuildFile; fileRef = C09F4128249C0683002605EE /* SingleTextContainer.json */; };
		C09F412D249C0683002605EE /* TextContainerWithAction.json in Resources */ = {isa = PBXBuildFile; fileRef = C09F4129249C0683002605EE /* TextContainerWithAction.json */; };
		C09F412F249C1B86002605EE /* TextContainerMissingSecondAction.json in Resources */ = {isa = PBXBuildFile; fileRef = C09F412E249C1B86002605EE /* TextContainerMissingSecondAction.json */; };
		C09F4131249C219D002605EE /* SingleTextContainerWithoutActions.json in Resources */ = {isa = PBXBuildFile; fileRef = C09F4130249C219D002605EE /* SingleTextContainerWithoutActions.json */; };
		C0B1AAB623F326BB00F94ECA /* YogaKit.framework in Frameworks */ = {isa = PBXBuildFile; fileRef = C0B1AAB523F326BB00F94ECA /* YogaKit.framework */; };
		C0B1AAB723F326BB00F94ECA /* YogaKit.framework in Embed Frameworks */ = {isa = PBXBuildFile; fileRef = C0B1AAB523F326BB00F94ECA /* YogaKit.framework */; settings = {ATTRIBUTES = (CodeSignOnCopy, RemoveHeadersOnCopy, ); }; };
		C80AF1342493F0950097D200 /* OtherComponent.swift in Sources */ = {isa = PBXBuildFile; fileRef = C80AF1332493F0950097D200 /* OtherComponent.swift */; };
		C8A2F6F32464C1F9002198B1 /* Equality.generated.swift in Sources */ = {isa = PBXBuildFile; fileRef = C8A2F6F12464C1F9002198B1 /* Equality.generated.swift */; };
		C8A2F6F42464C1F9002198B1 /* AutoDecodable.generated.swift in Sources */ = {isa = PBXBuildFile; fileRef = C8A2F6F22464C1F9002198B1 /* AutoDecodable.generated.swift */; };
		C8D5F03624A4005C0037B11C /* Beagle.framework in Frameworks */ = {isa = PBXBuildFile; fileRef = C8D5F03524A4005C0037B11C /* Beagle.framework */; };
		C8D5F03724A4005C0037B11C /* Beagle.framework in Embed Frameworks */ = {isa = PBXBuildFile; fileRef = C8D5F03524A4005C0037B11C /* Beagle.framework */; settings = {ATTRIBUTES = (CodeSignOnCopy, RemoveHeadersOnCopy, ); }; };
		C8D5F03924A400660037B11C /* BeagleSchema.framework in Frameworks */ = {isa = PBXBuildFile; fileRef = C8D5F03824A400660037B11C /* BeagleSchema.framework */; };
		C8D5F03A24A400660037B11C /* BeagleSchema.framework in Embed Frameworks */ = {isa = PBXBuildFile; fileRef = C8D5F03824A400660037B11C /* BeagleSchema.framework */; settings = {ATTRIBUTES = (CodeSignOnCopy, RemoveHeadersOnCopy, ); }; };
		E75619892408365B0025E0A9 /* DSCollection.swift in Sources */ = {isa = PBXBuildFile; fileRef = E75619882408365B0025E0A9 /* DSCollection.swift */; };
		E756198D240865150025E0A9 /* DSCollectionViewCell.swift in Sources */ = {isa = PBXBuildFile; fileRef = E756198C240865150025E0A9 /* DSCollectionViewCell.swift */; };
		E756198F2408691A0025E0A9 /* CustomComponentScreen.swift in Sources */ = {isa = PBXBuildFile; fileRef = E756198E2408691A0025E0A9 /* CustomComponentScreen.swift */; };
		E756199124086AA20025E0A9 /* DSCollectionUIComponent.swift in Sources */ = {isa = PBXBuildFile; fileRef = E756199024086AA20025E0A9 /* DSCollectionUIComponent.swift */; };
/* End PBXBuildFile section */

/* Begin PBXContainerItemProxy section */
		C09F4113249BDEE8002605EE /* PBXContainerItemProxy */ = {
			isa = PBXContainerItemProxy;
			containerPortal = 932925A62327E0E400A61F01 /* Project object */;
			proxyType = 1;
			remoteGlobalIDString = 932925AD2327E0E400A61F01;
			remoteInfo = BeagleDemo;
		};
/* End PBXContainerItemProxy section */

/* Begin PBXCopyFilesBuildPhase section */
		E5EB34BB2331074900AC246B /* Embed Frameworks */ = {
			isa = PBXCopyFilesBuildPhase;
			buildActionMask = 2147483647;
			dstPath = "";
			dstSubfolderSpec = 10;
			files = (
				C8D5F03724A4005C0037B11C /* Beagle.framework in Embed Frameworks */,
				C0B1AAB723F326BB00F94ECA /* YogaKit.framework in Embed Frameworks */,
				C8D5F03A24A400660037B11C /* BeagleSchema.framework in Embed Frameworks */,
			);
			name = "Embed Frameworks";
			runOnlyForDeploymentPostprocessing = 0;
		};
/* End PBXCopyFilesBuildPhase section */

/* Begin PBXFileReference section */
		2576F468250ACF6C000CDB2A /* NativeViewController.swift */ = {isa = PBXFileReference; lastKnownFileType = sourcecode.swift; path = NativeViewController.swift; sourceTree = "<group>"; };
		25C762AB251147F800AB4D33 /* ConditionActionScreen.swift */ = {isa = PBXFileReference; lastKnownFileType = sourcecode.swift; path = ConditionActionScreen.swift; sourceTree = "<group>"; };
		3D37850B250FF6AC00780F92 /* NativeScreenTest.swift */ = {isa = PBXFileReference; lastKnownFileType = sourcecode.swift; path = NativeScreenTest.swift; sourceTree = "<group>"; };
		3D37850D251003B800780F92 /* __Snapshots__ */ = {isa = PBXFileReference; lastKnownFileType = folder; path = __Snapshots__; sourceTree = "<group>"; };
		6E2C784C2419853A00448728 /* Constants.swift */ = {isa = PBXFileReference; lastKnownFileType = sourcecode.swift; path = Constants.swift; sourceTree = "<group>"; };
		6E4EE6C0240E970000624DFB /* ScreenDeepLink.swift */ = {isa = PBXFileReference; lastKnownFileType = sourcecode.swift; path = ScreenDeepLink.swift; sourceTree = "<group>"; };
		6E4EE6C6240E9C0B00624DFB /* ViewLayoutHelper.swift */ = {isa = PBXFileReference; lastKnownFileType = sourcecode.swift; path = ViewLayoutHelper.swift; sourceTree = "<group>"; };
		6E8E1CC0249C57300053AD58 /* SimpleForm.swift */ = {isa = PBXFileReference; lastKnownFileType = sourcecode.swift; path = SimpleForm.swift; sourceTree = "<group>"; };
		6ED5B09D240464520070CB9D /* BeagleStyle.swift */ = {isa = PBXFileReference; lastKnownFileType = sourcecode.swift; path = BeagleStyle.swift; sourceTree = "<group>"; };
		7685B042249A879F007EDED0 /* SendRequestScreen.swift */ = {isa = PBXFileReference; fileEncoding = 4; lastKnownFileType = sourcecode.swift; path = SendRequestScreen.swift; sourceTree = "<group>"; };
		932925AE2327E0E400A61F01 /* BeagleDemo.app */ = {isa = PBXFileReference; explicitFileType = wrapper.application; includeInIndex = 0; path = BeagleDemo.app; sourceTree = BUILT_PRODUCTS_DIR; };
		932925B12327E0E400A61F01 /* AppDelegate.swift */ = {isa = PBXFileReference; lastKnownFileType = sourcecode.swift; path = AppDelegate.swift; sourceTree = "<group>"; };
		932925B82327E0E400A61F01 /* Base */ = {isa = PBXFileReference; lastKnownFileType = file.storyboard; name = Base; path = Base.lproj/Main.storyboard; sourceTree = "<group>"; };
		932925BA2327E0E500A61F01 /* Assets.xcassets */ = {isa = PBXFileReference; lastKnownFileType = folder.assetcatalog; path = Assets.xcassets; sourceTree = "<group>"; };
		932925BD2327E0E500A61F01 /* Base */ = {isa = PBXFileReference; lastKnownFileType = file.storyboard; name = Base; path = Base.lproj/LaunchScreen.storyboard; sourceTree = "<group>"; };
		932925BF2327E0E500A61F01 /* Info.plist */ = {isa = PBXFileReference; lastKnownFileType = text.plist.xml; path = Info.plist; sourceTree = "<group>"; };
		93A2EE1524E57E120085B3CF /* OperationsScreen.swift */ = {isa = PBXFileReference; lastKnownFileType = sourcecode.swift; path = OperationsScreen.swift; sourceTree = "<group>"; };
		93A2EE1924EC49E90085B3CF /* AddChildrenScreen.swift */ = {isa = PBXFileReference; lastKnownFileType = sourcecode.swift; path = AddChildrenScreen.swift; sourceTree = "<group>"; };
		93D8DC0C248965D10070CB41 /* ComponentInteractionScreen.swift */ = {isa = PBXFileReference; lastKnownFileType = sourcecode.swift; path = ComponentInteractionScreen.swift; sourceTree = "<group>"; };
		93EAFA4B24083C7B00B73522 /* ListViewScreen.swift */ = {isa = PBXFileReference; lastKnownFileType = sourcecode.swift; path = ListViewScreen.swift; sourceTree = "<group>"; };
		98A7F36B23A926C600E88C70 /* TabViewScreen.swift */ = {isa = PBXFileReference; lastKnownFileType = sourcecode.swift; path = TabViewScreen.swift; sourceTree = "<group>"; };
		98E08D2224228DD200FBD21B /* WebViewScreen.swift */ = {isa = PBXFileReference; lastKnownFileType = sourcecode.swift; path = WebViewScreen.swift; sourceTree = "<group>"; };
		98F3D41024ED770F006DAB05 /* NavigateTypeScreen.swift */ = {isa = PBXFileReference; lastKnownFileType = sourcecode.swift; path = NavigateTypeScreen.swift; sourceTree = "<group>"; };
		A038C8FC2407073D001164B1 /* FormScreen.swift */ = {isa = PBXFileReference; lastKnownFileType = sourcecode.swift; path = FormScreen.swift; sourceTree = "<group>"; };
		A057D59724C9FE1D001F6835 /* ErrorView.swift */ = {isa = PBXFileReference; lastKnownFileType = sourcecode.swift; path = ErrorView.swift; sourceTree = "<group>"; };
		A057D59924CA1DE7001F6835 /* CustomBeagleNavigationController.swift */ = {isa = PBXFileReference; lastKnownFileType = sourcecode.swift; path = CustomBeagleNavigationController.swift; sourceTree = "<group>"; };
		A0642DC72395A1840028AFF3 /* DeeplinkScreenManager.swift */ = {isa = PBXFileReference; lastKnownFileType = sourcecode.swift; path = DeeplinkScreenManager.swift; sourceTree = "<group>"; };
		A0642DCA23968A020028AFF3 /* MainScreen.swift */ = {isa = PBXFileReference; lastKnownFileType = sourcecode.swift; path = MainScreen.swift; sourceTree = "<group>"; };
		A0642DCC23968B500028AFF3 /* LazyComponentScreen.swift */ = {isa = PBXFileReference; lastKnownFileType = sourcecode.swift; path = LazyComponentScreen.swift; sourceTree = "<group>"; };
		A0642DD02396EC670028AFF3 /* PageViewScreen.swift */ = {isa = PBXFileReference; lastKnownFileType = sourcecode.swift; path = PageViewScreen.swift; sourceTree = "<group>"; };
		C0479F58243282F00040E30C /* AnalyticsMock.swift */ = {isa = PBXFileReference; lastKnownFileType = sourcecode.swift; path = AnalyticsMock.swift; sourceTree = "<group>"; };
		C09F40F6249A8FFE002605EE /* TextContainer.swift */ = {isa = PBXFileReference; lastKnownFileType = sourcecode.swift; path = TextContainer.swift; sourceTree = "<group>"; };
		C09F40FD249AAAEE002605EE /* CustomActionableContainer.swift */ = {isa = PBXFileReference; lastKnownFileType = sourcecode.swift; path = CustomActionableContainer.swift; sourceTree = "<group>"; };
		C09F40FF249AAB0F002605EE /* TextContainerWithAction.swift */ = {isa = PBXFileReference; lastKnownFileType = sourcecode.swift; path = TextContainerWithAction.swift; sourceTree = "<group>"; };
		C09F4101249AAC87002605EE /* SingleCustomActionableContainer.swift */ = {isa = PBXFileReference; lastKnownFileType = sourcecode.swift; path = SingleCustomActionableContainer.swift; sourceTree = "<group>"; };
		C09F4103249AACAB002605EE /* SingleTextContainer.swift */ = {isa = PBXFileReference; lastKnownFileType = sourcecode.swift; path = SingleTextContainer.swift; sourceTree = "<group>"; };
		C09F4108249BD6FD002605EE /* GenerationTests.swift */ = {isa = PBXFileReference; lastKnownFileType = sourcecode.swift; path = GenerationTests.swift; sourceTree = "<group>"; };
		C09F410E249BDEE8002605EE /* BeagleDemoTests.xctest */ = {isa = PBXFileReference; explicitFileType = wrapper.cfbundle; includeInIndex = 0; path = BeagleDemoTests.xctest; sourceTree = BUILT_PRODUCTS_DIR; };
		C09F4112249BDEE8002605EE /* Info.plist */ = {isa = PBXFileReference; lastKnownFileType = text.plist.xml; path = Info.plist; sourceTree = "<group>"; };
		C09F411C249BE46C002605EE /* TextContainer.json */ = {isa = PBXFileReference; lastKnownFileType = text.json; path = TextContainer.json; sourceTree = "<group>"; };
		C09F4120249BE758002605EE /* ComponentFromJsonFile.swift */ = {isa = PBXFileReference; lastKnownFileType = sourcecode.swift; path = ComponentFromJsonFile.swift; sourceTree = "<group>"; };
		C09F4122249BF64B002605EE /* Protocols.swift */ = {isa = PBXFileReference; lastKnownFileType = sourcecode.swift; path = Protocols.swift; sourceTree = "<group>"; };
		C09F4126249C0683002605EE /* CustomActionableContainer.json */ = {isa = PBXFileReference; fileEncoding = 4; lastKnownFileType = text.json; path = CustomActionableContainer.json; sourceTree = "<group>"; };
		C09F4127249C0683002605EE /* SingleCustomActionableContainer.json */ = {isa = PBXFileReference; fileEncoding = 4; lastKnownFileType = text.json; path = SingleCustomActionableContainer.json; sourceTree = "<group>"; };
		C09F4128249C0683002605EE /* SingleTextContainer.json */ = {isa = PBXFileReference; fileEncoding = 4; lastKnownFileType = text.json; path = SingleTextContainer.json; sourceTree = "<group>"; };
		C09F4129249C0683002605EE /* TextContainerWithAction.json */ = {isa = PBXFileReference; fileEncoding = 4; lastKnownFileType = text.json; path = TextContainerWithAction.json; sourceTree = "<group>"; };
		C09F412E249C1B86002605EE /* TextContainerMissingSecondAction.json */ = {isa = PBXFileReference; fileEncoding = 4; lastKnownFileType = text.json; path = TextContainerMissingSecondAction.json; sourceTree = "<group>"; };
		C09F4130249C219D002605EE /* SingleTextContainerWithoutActions.json */ = {isa = PBXFileReference; fileEncoding = 4; lastKnownFileType = text.json; path = SingleTextContainerWithoutActions.json; sourceTree = "<group>"; };
		C0B1AAB523F326BB00F94ECA /* YogaKit.framework */ = {isa = PBXFileReference; explicitFileType = wrapper.framework; path = YogaKit.framework; sourceTree = BUILT_PRODUCTS_DIR; };
		C80AF1332493F0950097D200 /* OtherComponent.swift */ = {isa = PBXFileReference; lastKnownFileType = sourcecode.swift; path = OtherComponent.swift; sourceTree = "<group>"; };
		C8A2F6F12464C1F9002198B1 /* Equality.generated.swift */ = {isa = PBXFileReference; fileEncoding = 4; lastKnownFileType = sourcecode.swift; path = Equality.generated.swift; sourceTree = "<group>"; };
		C8A2F6F22464C1F9002198B1 /* AutoDecodable.generated.swift */ = {isa = PBXFileReference; fileEncoding = 4; lastKnownFileType = sourcecode.swift; path = AutoDecodable.generated.swift; sourceTree = "<group>"; };
		C8D5F03524A4005C0037B11C /* Beagle.framework */ = {isa = PBXFileReference; explicitFileType = wrapper.framework; path = Beagle.framework; sourceTree = BUILT_PRODUCTS_DIR; };
		C8D5F03824A400660037B11C /* BeagleSchema.framework */ = {isa = PBXFileReference; explicitFileType = wrapper.framework; path = BeagleSchema.framework; sourceTree = BUILT_PRODUCTS_DIR; };
		E75619882408365B0025E0A9 /* DSCollection.swift */ = {isa = PBXFileReference; lastKnownFileType = sourcecode.swift; path = DSCollection.swift; sourceTree = "<group>"; };
		E756198C240865150025E0A9 /* DSCollectionViewCell.swift */ = {isa = PBXFileReference; lastKnownFileType = sourcecode.swift; path = DSCollectionViewCell.swift; sourceTree = "<group>"; };
		E756198E2408691A0025E0A9 /* CustomComponentScreen.swift */ = {isa = PBXFileReference; lastKnownFileType = sourcecode.swift; path = CustomComponentScreen.swift; sourceTree = "<group>"; };
		E756199024086AA20025E0A9 /* DSCollectionUIComponent.swift */ = {isa = PBXFileReference; fileEncoding = 4; lastKnownFileType = sourcecode.swift; path = DSCollectionUIComponent.swift; sourceTree = "<group>"; };
/* End PBXFileReference section */

/* Begin PBXFrameworksBuildPhase section */
		932925AB2327E0E400A61F01 /* Frameworks */ = {
			isa = PBXFrameworksBuildPhase;
			buildActionMask = 2147483647;
			files = (
				C8D5F03624A4005C0037B11C /* Beagle.framework in Frameworks */,
				C0B1AAB623F326BB00F94ECA /* YogaKit.framework in Frameworks */,
				C8D5F03924A400660037B11C /* BeagleSchema.framework in Frameworks */,
			);
			runOnlyForDeploymentPostprocessing = 0;
		};
		C09F410B249BDEE8002605EE /* Frameworks */ = {
			isa = PBXFrameworksBuildPhase;
			buildActionMask = 2147483647;
			files = (
				3D37850A250FF68800780F92 /* SnapshotTesting in Frameworks */,
			);
			runOnlyForDeploymentPostprocessing = 0;
		};
/* End PBXFrameworksBuildPhase section */

/* Begin PBXGroup section */
		25B7472E24F6D84E00AFE60A /* NavigationControllers */ = {
			isa = PBXGroup;
			children = (
				A057D59924CA1DE7001F6835 /* CustomBeagleNavigationController.swift */,
			);
			path = NavigationControllers;
			sourceTree = "<group>";
		};
		6E2C784B241984F800448728 /* Constants */ = {
			isa = PBXGroup;
			children = (
				6E2C784C2419853A00448728 /* Constants.swift */,
			);
			path = Constants;
			sourceTree = "<group>";
		};
		932925A52327E0E400A61F01 = {
			isa = PBXGroup;
			children = (
				932925B02327E0E400A61F01 /* BeagleDemo */,
				C09F410F249BDEE8002605EE /* BeagleDemoTests */,
				932925AF2327E0E400A61F01 /* Products */,
				93365E3F23624AD40017CB89 /* Frameworks */,
			);
			sourceTree = "<group>";
		};
		932925AF2327E0E400A61F01 /* Products */ = {
			isa = PBXGroup;
			children = (
				932925AE2327E0E400A61F01 /* BeagleDemo.app */,
				C09F410E249BDEE8002605EE /* BeagleDemoTests.xctest */,
			);
			name = Products;
			sourceTree = "<group>";
		};
		932925B02327E0E400A61F01 /* BeagleDemo */ = {
			isa = PBXGroup;
			children = (
				932925BF2327E0E500A61F01 /* Info.plist */,
				C0479F58243282F00040E30C /* AnalyticsMock.swift */,
				932925B12327E0E400A61F01 /* AppDelegate.swift */,
				6ED5B09D240464520070CB9D /* BeagleStyle.swift */,
				A0642DC72395A1840028AFF3 /* DeeplinkScreenManager.swift */,
				2576F468250ACF6C000CDB2A /* NativeViewController.swift */,
				932925BA2327E0E500A61F01 /* Assets.xcassets */,
				C0D0F47E245B48BB00FB57C1 /* CodeGeneration */,
				6E2C784B241984F800448728 /* Constants */,
				E75619862408363E0025E0A9 /* DesignSystem */,
				932925BC2327E0E500A61F01 /* LaunchScreen.storyboard */,
				932925B72327E0E400A61F01 /* Main.storyboard */,
				A0642DC9239689E60028AFF3 /* Screens */,
			);
			path = BeagleDemo;
			sourceTree = "<group>";
		};
		93365E3F23624AD40017CB89 /* Frameworks */ = {
			isa = PBXGroup;
			children = (
				C8D5F03824A400660037B11C /* BeagleSchema.framework */,
				C8D5F03524A4005C0037B11C /* Beagle.framework */,
				C0B1AAB523F326BB00F94ECA /* YogaKit.framework */,
			);
			name = Frameworks;
			sourceTree = "<group>";
		};
		A0642DC9239689E60028AFF3 /* Screens */ = {
			isa = PBXGroup;
			children = (
				93A2EE1924EC49E90085B3CF /* AddChildrenScreen.swift */,
				93D8DC0C248965D10070CB41 /* ComponentInteractionScreen.swift */,
				25C762AB251147F800AB4D33 /* ConditionActionScreen.swift */,
				E756198E2408691A0025E0A9 /* CustomComponentScreen.swift */,
				A038C8FC2407073D001164B1 /* FormScreen.swift */,
				A0642DCC23968B500028AFF3 /* LazyComponentScreen.swift */,
				93EAFA4B24083C7B00B73522 /* ListViewScreen.swift */,
				A0642DCA23968A020028AFF3 /* MainScreen.swift */,
				98F3D41024ED770F006DAB05 /* NavigateTypeScreen.swift */,
				93A2EE1524E57E120085B3CF /* OperationsScreen.swift */,
				A0642DD02396EC670028AFF3 /* PageViewScreen.swift */,
				6E4EE6C0240E970000624DFB /* ScreenDeepLink.swift */,
				7685B042249A879F007EDED0 /* SendRequestScreen.swift */,
				6E8E1CC0249C57300053AD58 /* SimpleForm.swift */,
				98A7F36B23A926C600E88C70 /* TabViewScreen.swift */,
				6E4EE6C6240E9C0B00624DFB /* ViewLayoutHelper.swift */,
				98E08D2224228DD200FBD21B /* WebViewScreen.swift */,
			);
			path = Screens;
			sourceTree = "<group>";
		};
		C09F40FC249AAAC2002605EE /* GenerationTests */ = {
			isa = PBXGroup;
			children = (
				C09F4107249BD6E3002605EE /* Tests */,
				C09F4122249BF64B002605EE /* Protocols.swift */,
				C09F40F6249A8FFE002605EE /* TextContainer.swift */,
				C09F4103249AACAB002605EE /* SingleTextContainer.swift */,
				C09F40FD249AAAEE002605EE /* CustomActionableContainer.swift */,
				C09F40FF249AAB0F002605EE /* TextContainerWithAction.swift */,
				C09F4101249AAC87002605EE /* SingleCustomActionableContainer.swift */,
			);
			path = GenerationTests;
			sourceTree = "<group>";
		};
		C09F4107249BD6E3002605EE /* Tests */ = {
			isa = PBXGroup;
			children = (
				C09F4108249BD6FD002605EE /* GenerationTests.swift */,
				C09F411B249BE456002605EE /* JSON */,
			);
			path = Tests;
			sourceTree = "<group>";
		};
		C09F410F249BDEE8002605EE /* BeagleDemoTests */ = {
			isa = PBXGroup;
			children = (
				3D37850D251003B800780F92 /* __Snapshots__ */,
				C09F411F249BE741002605EE /* Helpers */,
				C09F4112249BDEE8002605EE /* Info.plist */,
				3D37850B250FF6AC00780F92 /* NativeScreenTest.swift */,
			);
			path = BeagleDemoTests;
			sourceTree = "<group>";
		};
		C09F411B249BE456002605EE /* JSON */ = {
			isa = PBXGroup;
			children = (
				C09F4126249C0683002605EE /* CustomActionableContainer.json */,
				C09F4127249C0683002605EE /* SingleCustomActionableContainer.json */,
				C09F4130249C219D002605EE /* SingleTextContainerWithoutActions.json */,
				C09F4128249C0683002605EE /* SingleTextContainer.json */,
				C09F412E249C1B86002605EE /* TextContainerMissingSecondAction.json */,
				C09F4129249C0683002605EE /* TextContainerWithAction.json */,
				C09F411C249BE46C002605EE /* TextContainer.json */,
			);
			path = JSON;
			sourceTree = "<group>";
		};
		C09F411F249BE741002605EE /* Helpers */ = {
			isa = PBXGroup;
			children = (
				C09F4120249BE758002605EE /* ComponentFromJsonFile.swift */,
			);
			path = Helpers;
			sourceTree = "<group>";
		};
		C0D0F47E245B48BB00FB57C1 /* CodeGeneration */ = {
			isa = PBXGroup;
			children = (
				C8A2F6F02464C1F9002198B1 /* Generated */,
			);
			path = CodeGeneration;
			sourceTree = "<group>";
		};
		C8A2F6F02464C1F9002198B1 /* Generated */ = {
			isa = PBXGroup;
			children = (
				C8A2F6F22464C1F9002198B1 /* AutoDecodable.generated.swift */,
				C8A2F6F12464C1F9002198B1 /* Equality.generated.swift */,
			);
			path = Generated;
			sourceTree = "<group>";
		};
		E75619862408363E0025E0A9 /* DesignSystem */ = {
			isa = PBXGroup;
			children = (
				25B7472E24F6D84E00AFE60A /* NavigationControllers */,
				C09F40FC249AAAC2002605EE /* GenerationTests */,
				E75619872408364A0025E0A9 /* DSCollection */,
				C80AF1332493F0950097D200 /* OtherComponent.swift */,
				A057D59724C9FE1D001F6835 /* ErrorView.swift */,
			);
			path = DesignSystem;
			sourceTree = "<group>";
		};
		E75619872408364A0025E0A9 /* DSCollection */ = {
			isa = PBXGroup;
			children = (
				E756199024086AA20025E0A9 /* DSCollectionUIComponent.swift */,
				E75619882408365B0025E0A9 /* DSCollection.swift */,
				E756198C240865150025E0A9 /* DSCollectionViewCell.swift */,
			);
			path = DSCollection;
			sourceTree = "<group>";
		};
/* End PBXGroup section */

/* Begin PBXNativeTarget section */
		932925AD2327E0E400A61F01 /* BeagleDemo */ = {
			isa = PBXNativeTarget;
			buildConfigurationList = 932925C22327E0E500A61F01 /* Build configuration list for PBXNativeTarget "BeagleDemo" */;
			buildPhases = (
				C0D0F482245B524100FB57C1 /* Sourcery Run Script */,
				932925AA2327E0E400A61F01 /* Sources */,
				932925AB2327E0E400A61F01 /* Frameworks */,
				932925AC2327E0E400A61F01 /* Resources */,
				E5EB34BB2331074900AC246B /* Embed Frameworks */,
				254E156824F9526500218AAE /* SwiftLint Run Script */,
			);
			buildRules = (
			);
			dependencies = (
			);
			name = BeagleDemo;
			productName = BeagleDemo;
			productReference = 932925AE2327E0E400A61F01 /* BeagleDemo.app */;
			productType = "com.apple.product-type.application";
		};
		C09F410D249BDEE8002605EE /* BeagleDemoTests */ = {
			isa = PBXNativeTarget;
			buildConfigurationList = C09F4115249BDEE8002605EE /* Build configuration list for PBXNativeTarget "BeagleDemoTests" */;
			buildPhases = (
				C09F410A249BDEE8002605EE /* Sources */,
				C09F410B249BDEE8002605EE /* Frameworks */,
				C09F410C249BDEE8002605EE /* Resources */,
			);
			buildRules = (
			);
			dependencies = (
				C09F4114249BDEE8002605EE /* PBXTargetDependency */,
			);
			name = BeagleDemoTests;
			packageProductDependencies = (
				3D378509250FF68800780F92 /* SnapshotTesting */,
			);
			productName = BeagleDemoTests;
			productReference = C09F410E249BDEE8002605EE /* BeagleDemoTests.xctest */;
			productType = "com.apple.product-type.bundle.unit-test";
		};
/* End PBXNativeTarget section */

/* Begin PBXProject section */
		932925A62327E0E400A61F01 /* Project object */ = {
			isa = PBXProject;
			attributes = {
				LastSwiftUpdateCheck = 1130;
				LastUpgradeCheck = 1100;
				ORGANIZATIONNAME = "Zup IT";
				TargetAttributes = {
					932925AD2327E0E400A61F01 = {
						CreatedOnToolsVersion = 11.0;
					};
					C09F410D249BDEE8002605EE = {
						CreatedOnToolsVersion = 11.3.1;
						TestTargetID = 932925AD2327E0E400A61F01;
					};
				};
			};
			buildConfigurationList = 932925A92327E0E400A61F01 /* Build configuration list for PBXProject "BeagleDemo" */;
			compatibilityVersion = "Xcode 9.3";
			developmentRegion = en;
			hasScannedForEncodings = 0;
			knownRegions = (
				en,
				Base,
			);
			mainGroup = 932925A52327E0E400A61F01;
			packageReferences = (
				3D378508250FF68800780F92 /* XCRemoteSwiftPackageReference "swift-snapshot-testing" */,
			);
			productRefGroup = 932925AF2327E0E400A61F01 /* Products */;
			projectDirPath = "";
			projectRoot = "";
			targets = (
				932925AD2327E0E400A61F01 /* BeagleDemo */,
				C09F410D249BDEE8002605EE /* BeagleDemoTests */,
			);
		};
/* End PBXProject section */

/* Begin PBXResourcesBuildPhase section */
		932925AC2327E0E400A61F01 /* Resources */ = {
			isa = PBXResourcesBuildPhase;
			buildActionMask = 2147483647;
			files = (
				932925BE2327E0E500A61F01 /* LaunchScreen.storyboard in Resources */,
				932925BB2327E0E500A61F01 /* Assets.xcassets in Resources */,
				932925B92327E0E400A61F01 /* Main.storyboard in Resources */,
			);
			runOnlyForDeploymentPostprocessing = 0;
		};
		C09F410C249BDEE8002605EE /* Resources */ = {
			isa = PBXResourcesBuildPhase;
			buildActionMask = 2147483647;
			files = (
				C09F412A249C0683002605EE /* CustomActionableContainer.json in Resources */,
				C09F412B249C0683002605EE /* SingleCustomActionableContainer.json in Resources */,
				C09F412D249C0683002605EE /* TextContainerWithAction.json in Resources */,
				C09F412C249C0683002605EE /* SingleTextContainer.json in Resources */,
				C09F4131249C219D002605EE /* SingleTextContainerWithoutActions.json in Resources */,
				C09F411E249BE470002605EE /* TextContainer.json in Resources */,
				C09F412F249C1B86002605EE /* TextContainerMissingSecondAction.json in Resources */,
			);
			runOnlyForDeploymentPostprocessing = 0;
		};
/* End PBXResourcesBuildPhase section */

/* Begin PBXShellScriptBuildPhase section */
		254E156824F9526500218AAE /* SwiftLint Run Script */ = {
			isa = PBXShellScriptBuildPhase;
			buildActionMask = 2147483647;
			files = (
			);
			inputFileListPaths = (
			);
			inputPaths = (
			);
			name = "SwiftLint Run Script";
			outputFileListPaths = (
			);
			outputPaths = (
			);
			runOnlyForDeploymentPostprocessing = 0;
			shellPath = /bin/sh;
			shellScript = "if which swiftlint >/dev/null; then\nswiftlint\nelse\necho \"warning: SwiftLint not installed, download from https://github.com/realm/SwiftLint\"\nfi\n";
		};
		C0D0F482245B524100FB57C1 /* Sourcery Run Script */ = {
			isa = PBXShellScriptBuildPhase;
			buildActionMask = 2147483647;
			files = (
			);
			inputFileListPaths = (
			);
			inputPaths = (
			);
			name = "Sourcery Run Script";
			outputFileListPaths = (
			);
			outputPaths = (
			);
			runOnlyForDeploymentPostprocessing = 0;
			shellPath = /bin/sh;
			shellScript = "# Type a script or drag a script file from your workspace to insert its path.\n../../Sources/Beagle/CodeGeneration/sourceryScript.sh\n";
		};
/* End PBXShellScriptBuildPhase section */

/* Begin PBXSourcesBuildPhase section */
		932925AA2327E0E400A61F01 /* Sources */ = {
			isa = PBXSourcesBuildPhase;
			buildActionMask = 2147483647;
			files = (
				A0642DCB23968A020028AFF3 /* MainScreen.swift in Sources */,
				C80AF1342493F0950097D200 /* OtherComponent.swift in Sources */,
				C09F4100249AAB0F002605EE /* TextContainerWithAction.swift in Sources */,
				2576F469250ACF6C000CDB2A /* NativeViewController.swift in Sources */,
				C8A2F6F42464C1F9002198B1 /* AutoDecodable.generated.swift in Sources */,
				93EAFA4C24083C7B00B73522 /* ListViewScreen.swift in Sources */,
				932925B22327E0E400A61F01 /* AppDelegate.swift in Sources */,
				98A7F36C23A926C600E88C70 /* TabViewScreen.swift in Sources */,
				A057D59824C9FE1D001F6835 /* ErrorView.swift in Sources */,
				98E08D2324228DD200FBD21B /* WebViewScreen.swift in Sources */,
				A0642DC82395A1840028AFF3 /* DeeplinkScreenManager.swift in Sources */,
				E756198D240865150025E0A9 /* DSCollectionViewCell.swift in Sources */,
				93A2EE1624E57E120085B3CF /* OperationsScreen.swift in Sources */,
				6E8E1CC1249C57300053AD58 /* SimpleForm.swift in Sources */,
				A0642DCD23968B500028AFF3 /* LazyComponentScreen.swift in Sources */,
				6E2C784D2419853A00448728 /* Constants.swift in Sources */,
				E75619892408365B0025E0A9 /* DSCollection.swift in Sources */,
				C09F40F7249A8FFE002605EE /* TextContainer.swift in Sources */,
				98F3D41124ED770F006DAB05 /* NavigateTypeScreen.swift in Sources */,
				A057D59A24CA1DE7001F6835 /* CustomBeagleNavigationController.swift in Sources */,
				25C762AC251147F800AB4D33 /* ConditionActionScreen.swift in Sources */,
				A0642DD12396EC670028AFF3 /* PageViewScreen.swift in Sources */,
				C09F4102249AAC87002605EE /* SingleCustomActionableContainer.swift in Sources */,
				C09F40FE249AAAEE002605EE /* CustomActionableContainer.swift in Sources */,
				C0479F59243282F00040E30C /* AnalyticsMock.swift in Sources */,
				C8A2F6F32464C1F9002198B1 /* Equality.generated.swift in Sources */,
				6E4EE6C1240E970000624DFB /* ScreenDeepLink.swift in Sources */,
				7685B043249A879F007EDED0 /* SendRequestScreen.swift in Sources */,
				A038C8FD2407073D001164B1 /* FormScreen.swift in Sources */,
				93D8DC0D248965D10070CB41 /* ComponentInteractionScreen.swift in Sources */,
				6E4EE6C7240E9C0B00624DFB /* ViewLayoutHelper.swift in Sources */,
				C09F4125249BF652002605EE /* Protocols.swift in Sources */,
				E756199124086AA20025E0A9 /* DSCollectionUIComponent.swift in Sources */,
				E756198F2408691A0025E0A9 /* CustomComponentScreen.swift in Sources */,
				C09F4104249AACAB002605EE /* SingleTextContainer.swift in Sources */,
				6ED5B09E240464520070CB9D /* BeagleStyle.swift in Sources */,
				93A2EE1A24EC49E90085B3CF /* AddChildrenScreen.swift in Sources */,
			);
			runOnlyForDeploymentPostprocessing = 0;
		};
		C09F410A249BDEE8002605EE /* Sources */ = {
			isa = PBXSourcesBuildPhase;
			buildActionMask = 2147483647;
			files = (
				C09F4118249BDF26002605EE /* GenerationTests.swift in Sources */,
				3D37850C250FF6AC00780F92 /* NativeScreenTest.swift in Sources */,
				C09F4121249BE758002605EE /* ComponentFromJsonFile.swift in Sources */,
			);
			runOnlyForDeploymentPostprocessing = 0;
		};
/* End PBXSourcesBuildPhase section */

/* Begin PBXTargetDependency section */
		C09F4114249BDEE8002605EE /* PBXTargetDependency */ = {
			isa = PBXTargetDependency;
			target = 932925AD2327E0E400A61F01 /* BeagleDemo */;
			targetProxy = C09F4113249BDEE8002605EE /* PBXContainerItemProxy */;
		};
/* End PBXTargetDependency section */

/* Begin PBXVariantGroup section */
		932925B72327E0E400A61F01 /* Main.storyboard */ = {
			isa = PBXVariantGroup;
			children = (
				932925B82327E0E400A61F01 /* Base */,
			);
			name = Main.storyboard;
			sourceTree = "<group>";
		};
		932925BC2327E0E500A61F01 /* LaunchScreen.storyboard */ = {
			isa = PBXVariantGroup;
			children = (
				932925BD2327E0E500A61F01 /* Base */,
			);
			name = LaunchScreen.storyboard;
			sourceTree = "<group>";
		};
/* End PBXVariantGroup section */

/* Begin XCBuildConfiguration section */
		932925C02327E0E500A61F01 /* Debug */ = {
			isa = XCBuildConfiguration;
			buildSettings = {
				ALWAYS_SEARCH_USER_PATHS = NO;
				CLANG_ANALYZER_NONNULL = YES;
				CLANG_ANALYZER_NUMBER_OBJECT_CONVERSION = YES_AGGRESSIVE;
				CLANG_CXX_LANGUAGE_STANDARD = "gnu++14";
				CLANG_CXX_LIBRARY = "libc++";
				CLANG_ENABLE_MODULES = YES;
				CLANG_ENABLE_OBJC_ARC = YES;
				CLANG_ENABLE_OBJC_WEAK = YES;
				CLANG_WARN_BLOCK_CAPTURE_AUTORELEASING = YES;
				CLANG_WARN_BOOL_CONVERSION = YES;
				CLANG_WARN_COMMA = YES;
				CLANG_WARN_CONSTANT_CONVERSION = YES;
				CLANG_WARN_DEPRECATED_OBJC_IMPLEMENTATIONS = YES;
				CLANG_WARN_DIRECT_OBJC_ISA_USAGE = YES_ERROR;
				CLANG_WARN_DOCUMENTATION_COMMENTS = YES;
				CLANG_WARN_EMPTY_BODY = YES;
				CLANG_WARN_ENUM_CONVERSION = YES;
				CLANG_WARN_INFINITE_RECURSION = YES;
				CLANG_WARN_INT_CONVERSION = YES;
				CLANG_WARN_NON_LITERAL_NULL_CONVERSION = YES;
				CLANG_WARN_OBJC_IMPLICIT_RETAIN_SELF = YES;
				CLANG_WARN_OBJC_LITERAL_CONVERSION = YES;
				CLANG_WARN_OBJC_ROOT_CLASS = YES_ERROR;
				CLANG_WARN_RANGE_LOOP_ANALYSIS = YES;
				CLANG_WARN_STRICT_PROTOTYPES = YES;
				CLANG_WARN_SUSPICIOUS_MOVE = YES;
				CLANG_WARN_UNGUARDED_AVAILABILITY = YES_AGGRESSIVE;
				CLANG_WARN_UNREACHABLE_CODE = YES;
				CLANG_WARN__DUPLICATE_METHOD_MATCH = YES;
				COPY_PHASE_STRIP = NO;
				DEBUG_INFORMATION_FORMAT = dwarf;
				ENABLE_STRICT_OBJC_MSGSEND = YES;
				ENABLE_TESTABILITY = YES;
				GCC_C_LANGUAGE_STANDARD = gnu11;
				GCC_DYNAMIC_NO_PIC = NO;
				GCC_NO_COMMON_BLOCKS = YES;
				GCC_OPTIMIZATION_LEVEL = 0;
				GCC_PREPROCESSOR_DEFINITIONS = (
					"DEBUG=1",
					"$(inherited)",
				);
				GCC_WARN_64_TO_32_BIT_CONVERSION = YES;
				GCC_WARN_ABOUT_RETURN_TYPE = YES_ERROR;
				GCC_WARN_UNDECLARED_SELECTOR = YES;
				GCC_WARN_UNINITIALIZED_AUTOS = YES_AGGRESSIVE;
				GCC_WARN_UNUSED_FUNCTION = YES;
				GCC_WARN_UNUSED_VARIABLE = YES;
				IPHONEOS_DEPLOYMENT_TARGET = 10.3;
				MTL_ENABLE_DEBUG_INFO = INCLUDE_SOURCE;
				MTL_FAST_MATH = YES;
				ONLY_ACTIVE_ARCH = YES;
				SDKROOT = iphoneos;
				SWIFT_ACTIVE_COMPILATION_CONDITIONS = DEBUG;
				SWIFT_OPTIMIZATION_LEVEL = "-Onone";
				SWIFT_VERSION = 5.0;
			};
			name = Debug;
		};
		932925C12327E0E500A61F01 /* Release */ = {
			isa = XCBuildConfiguration;
			buildSettings = {
				ALWAYS_SEARCH_USER_PATHS = NO;
				CLANG_ANALYZER_NONNULL = YES;
				CLANG_ANALYZER_NUMBER_OBJECT_CONVERSION = YES_AGGRESSIVE;
				CLANG_CXX_LANGUAGE_STANDARD = "gnu++14";
				CLANG_CXX_LIBRARY = "libc++";
				CLANG_ENABLE_MODULES = YES;
				CLANG_ENABLE_OBJC_ARC = YES;
				CLANG_ENABLE_OBJC_WEAK = YES;
				CLANG_WARN_BLOCK_CAPTURE_AUTORELEASING = YES;
				CLANG_WARN_BOOL_CONVERSION = YES;
				CLANG_WARN_COMMA = YES;
				CLANG_WARN_CONSTANT_CONVERSION = YES;
				CLANG_WARN_DEPRECATED_OBJC_IMPLEMENTATIONS = YES;
				CLANG_WARN_DIRECT_OBJC_ISA_USAGE = YES_ERROR;
				CLANG_WARN_DOCUMENTATION_COMMENTS = YES;
				CLANG_WARN_EMPTY_BODY = YES;
				CLANG_WARN_ENUM_CONVERSION = YES;
				CLANG_WARN_INFINITE_RECURSION = YES;
				CLANG_WARN_INT_CONVERSION = YES;
				CLANG_WARN_NON_LITERAL_NULL_CONVERSION = YES;
				CLANG_WARN_OBJC_IMPLICIT_RETAIN_SELF = YES;
				CLANG_WARN_OBJC_LITERAL_CONVERSION = YES;
				CLANG_WARN_OBJC_ROOT_CLASS = YES_ERROR;
				CLANG_WARN_RANGE_LOOP_ANALYSIS = YES;
				CLANG_WARN_STRICT_PROTOTYPES = YES;
				CLANG_WARN_SUSPICIOUS_MOVE = YES;
				CLANG_WARN_UNGUARDED_AVAILABILITY = YES_AGGRESSIVE;
				CLANG_WARN_UNREACHABLE_CODE = YES;
				CLANG_WARN__DUPLICATE_METHOD_MATCH = YES;
				COPY_PHASE_STRIP = NO;
				DEBUG_INFORMATION_FORMAT = "dwarf-with-dsym";
				ENABLE_NS_ASSERTIONS = NO;
				ENABLE_STRICT_OBJC_MSGSEND = YES;
				GCC_C_LANGUAGE_STANDARD = gnu11;
				GCC_NO_COMMON_BLOCKS = YES;
				GCC_WARN_64_TO_32_BIT_CONVERSION = YES;
				GCC_WARN_ABOUT_RETURN_TYPE = YES_ERROR;
				GCC_WARN_UNDECLARED_SELECTOR = YES;
				GCC_WARN_UNINITIALIZED_AUTOS = YES_AGGRESSIVE;
				GCC_WARN_UNUSED_FUNCTION = YES;
				GCC_WARN_UNUSED_VARIABLE = YES;
				IPHONEOS_DEPLOYMENT_TARGET = 10.3;
				MTL_ENABLE_DEBUG_INFO = NO;
				MTL_FAST_MATH = YES;
				SDKROOT = iphoneos;
				SWIFT_COMPILATION_MODE = wholemodule;
				SWIFT_OPTIMIZATION_LEVEL = "-O";
				SWIFT_VERSION = 5.0;
				VALIDATE_PRODUCT = YES;
			};
			name = Release;
		};
		932925C32327E0E500A61F01 /* Debug */ = {
			isa = XCBuildConfiguration;
			buildSettings = {
				ASSETCATALOG_COMPILER_APPICON_NAME = AppIcon;
				CODE_SIGN_IDENTITY = "Apple Development";
				CODE_SIGN_STYLE = Automatic;
				DEVELOPMENT_TEAM = 7QAS2HG554;
				INFOPLIST_FILE = BeagleDemo/Info.plist;
				LD_RUNPATH_SEARCH_PATHS = (
					"$(inherited)",
					"@executable_path/Frameworks",
				);
				PRODUCT_BUNDLE_IDENTIFIER = br.com.zup.BeagleDemoApp;
				PRODUCT_NAME = "$(TARGET_NAME)";
				PROVISIONING_PROFILE_SPECIFIER = "";
				SWIFT_VERSION = 5.0;
				TARGETED_DEVICE_FAMILY = "1,2";
			};
			name = Debug;
		};
		932925C42327E0E500A61F01 /* Release */ = {
			isa = XCBuildConfiguration;
			buildSettings = {
				ASSETCATALOG_COMPILER_APPICON_NAME = AppIcon;
				CODE_SIGN_STYLE = Automatic;
				DEVELOPMENT_TEAM = 7QAS2HG554;
				INFOPLIST_FILE = BeagleDemo/Info.plist;
				LD_RUNPATH_SEARCH_PATHS = (
					"$(inherited)",
					"@executable_path/Frameworks",
				);
				PRODUCT_BUNDLE_IDENTIFIER = br.com.zup.BeagleDemoApp;
				PRODUCT_NAME = "$(TARGET_NAME)";
				SWIFT_VERSION = 5.0;
				TARGETED_DEVICE_FAMILY = "1,2";
			};
			name = Release;
		};
		C09F4116249BDEE8002605EE /* Debug */ = {
			isa = XCBuildConfiguration;
			buildSettings = {
				BUNDLE_LOADER = "$(TEST_HOST)";
				CODE_SIGN_STYLE = Automatic;
				INFOPLIST_FILE = BeagleDemoTests/Info.plist;
				IPHONEOS_DEPLOYMENT_TARGET = 13.2;
				LD_RUNPATH_SEARCH_PATHS = (
					"$(inherited)",
					"@executable_path/Frameworks",
					"@loader_path/Frameworks",
				);
				PRODUCT_BUNDLE_IDENTIFIER = zup.beagle.Components.BeagleDemoTests;
				PRODUCT_NAME = "$(TARGET_NAME)";
				SWIFT_VERSION = 5.0;
				TARGETED_DEVICE_FAMILY = "1,2";
				TEST_HOST = "$(BUILT_PRODUCTS_DIR)/BeagleDemo.app/BeagleDemo";
			};
			name = Debug;
		};
		C09F4117249BDEE8002605EE /* Release */ = {
			isa = XCBuildConfiguration;
			buildSettings = {
				BUNDLE_LOADER = "$(TEST_HOST)";
				CODE_SIGN_STYLE = Automatic;
				INFOPLIST_FILE = BeagleDemoTests/Info.plist;
				IPHONEOS_DEPLOYMENT_TARGET = 13.2;
				LD_RUNPATH_SEARCH_PATHS = (
					"$(inherited)",
					"@executable_path/Frameworks",
					"@loader_path/Frameworks",
				);
				PRODUCT_BUNDLE_IDENTIFIER = zup.beagle.Components.BeagleDemoTests;
				PRODUCT_NAME = "$(TARGET_NAME)";
				SWIFT_VERSION = 5.0;
				TARGETED_DEVICE_FAMILY = "1,2";
				TEST_HOST = "$(BUILT_PRODUCTS_DIR)/BeagleDemo.app/BeagleDemo";
			};
			name = Release;
		};
/* End XCBuildConfiguration section */

/* Begin XCConfigurationList section */
		932925A92327E0E400A61F01 /* Build configuration list for PBXProject "BeagleDemo" */ = {
			isa = XCConfigurationList;
			buildConfigurations = (
				932925C02327E0E500A61F01 /* Debug */,
				932925C12327E0E500A61F01 /* Release */,
			);
			defaultConfigurationIsVisible = 0;
			defaultConfigurationName = Release;
		};
		932925C22327E0E500A61F01 /* Build configuration list for PBXNativeTarget "BeagleDemo" */ = {
			isa = XCConfigurationList;
			buildConfigurations = (
				932925C32327E0E500A61F01 /* Debug */,
				932925C42327E0E500A61F01 /* Release */,
			);
			defaultConfigurationIsVisible = 0;
			defaultConfigurationName = Release;
		};
		C09F4115249BDEE8002605EE /* Build configuration list for PBXNativeTarget "BeagleDemoTests" */ = {
			isa = XCConfigurationList;
			buildConfigurations = (
				C09F4116249BDEE8002605EE /* Debug */,
				C09F4117249BDEE8002605EE /* Release */,
			);
			defaultConfigurationIsVisible = 0;
			defaultConfigurationName = Release;
		};
/* End XCConfigurationList section */

/* Begin XCRemoteSwiftPackageReference section */
		3D378508250FF68800780F92 /* XCRemoteSwiftPackageReference "swift-snapshot-testing" */ = {
			isa = XCRemoteSwiftPackageReference;
			repositoryURL = "https://github.com/pointfreeco/swift-snapshot-testing.git";
			requirement = {
				kind = upToNextMinorVersion;
				minimumVersion = 1.7.2;
			};
		};
/* End XCRemoteSwiftPackageReference section */

/* Begin XCSwiftPackageProductDependency section */
		3D378509250FF68800780F92 /* SnapshotTesting */ = {
			isa = XCSwiftPackageProductDependency;
			package = 3D378508250FF68800780F92 /* XCRemoteSwiftPackageReference "swift-snapshot-testing" */;
			productName = SnapshotTesting;
		};
/* End XCSwiftPackageProductDependency section */
	};
	rootObject = 932925A62327E0E400A61F01 /* Project object */;
}
